// !$*UTF8*$!
{
	archiveVersion = 1;
	classes = {
	};
	objectVersion = 46;
	objects = {

/* Begin PBXBuildFile section */
		0F97F3411D5FD17C7D6963DB /* DTFrameworkInterface+MultipleTargetMPaasProject.m in Sources */ = {isa = PBXBuildFile; fileRef = DA05238F8780B6930988C680 /* DTFrameworkInterface+MultipleTargetMPaasProject.m */; };
		188041F7BF3FCE3DCEADBF1A /* UserNotifications.framework in Frameworks */ = {isa = PBXBuildFile; fileRef = 743FD2F6B75BF01D85A905C6 /* UserNotifications.framework */; };
		23B1E8291A3C703D127EEAAE /* SystemConfiguration.framework in Frameworks */ = {isa = PBXBuildFile; fileRef = 6775CE9697C00BC3030FDB69 /* SystemConfiguration.framework */; };
		2867D8224E11F3600B2B4869 /* SystemConfiguration.framework in Frameworks */ = {isa = PBXBuildFile; fileRef = 3E23AF70B956C2939003AE52 /* SystemConfiguration.framework */; };
		3B3145F87FF2A0E932DC0471 /* Security.framework in Frameworks */ = {isa = PBXBuildFile; fileRef = 1D8F80ED93500CE4D217953A /* Security.framework */; };
		66825C8CC77481E3384FE33B /* yw_1222.jpg in Resources */ = {isa = PBXBuildFile; fileRef = 99D4000484864487BC28A1A1 /* yw_1222.jpg */; };
		86A865FA4AC20FF6E6DB66FE /* Pods_MultipleTargetMPaasProject.framework in Frameworks */ = {isa = PBXBuildFile; fileRef = 07D9AFD5174B749B6F2CEDB4 /* Pods_MultipleTargetMPaasProject.framework */; };
		89CC742846DD4DC4AB678C46 /* CoreTelephony.framework in Frameworks */ = {isa = PBXBuildFile; fileRef = 9CAAEFED60F6FF0E665C9292 /* CoreTelephony.framework */; };
		A8696B9AA9399EAD3469466D /* meta.config in Resources */ = {isa = PBXBuildFile; fileRef = 597B7E53B22F743A4A8C4D9E /* meta.config */; };
		AE43C1AB25675501001FCB6A /* MPLauncherAppDelegate.m in Sources */ = {isa = PBXBuildFile; fileRef = AE43C1A825675500001FCB6A /* MPLauncherAppDelegate.m */; };
		AE43C1AC25675501001FCB6A /* MobileRuntime.plist in Resources */ = {isa = PBXBuildFile; fileRef = AE43C1A925675501001FCB6A /* MobileRuntime.plist */; };
		AE43C1B625675878001FCB6A /* main.m in Sources */ = {isa = PBXBuildFile; fileRef = E43E7C7821D1077E00D9E31A /* main.m */; };
		AE43C1B725675878001FCB6A /* MPViewController.m in Sources */ = {isa = PBXBuildFile; fileRef = B6262BFA88D38ABBE266FD35 /* MPViewController.m */; };
		AE43C1B825675878001FCB6A /* DTFrameworkInterface+MultipleTargetMPaasProject.m in Sources */ = {isa = PBXBuildFile; fileRef = DA05238F8780B6930988C680 /* DTFrameworkInterface+MultipleTargetMPaasProject.m */; };
		AE43C1B925675878001FCB6A /* MPaaSInterface+MultipleTargetMPaasProject.m in Sources */ = {isa = PBXBuildFile; fileRef = 9AB16CEA8B1E9390ADA40C75 /* MPaaSInterface+MultipleTargetMPaasProject.m */; };
		AE43C1BA25675878001FCB6A /* MPLauncherAppDelegate.m in Sources */ = {isa = PBXBuildFile; fileRef = AE43C1A825675500001FCB6A /* MPLauncherAppDelegate.m */; };
		AE43C1BB25675878001FCB6A /* MPTabBarController.m in Sources */ = {isa = PBXBuildFile; fileRef = 1DED327A66228916F11E1286 /* MPTabBarController.m */; };
		AE43C1BD25675878001FCB6A /* SystemConfiguration.framework in Frameworks */ = {isa = PBXBuildFile; fileRef = 6775CE9697C00BC3030FDB69 /* SystemConfiguration.framework */; };
		AE43C1BE25675878001FCB6A /* UserNotifications.framework in Frameworks */ = {isa = PBXBuildFile; fileRef = 743FD2F6B75BF01D85A905C6 /* UserNotifications.framework */; };
		AE43C1BF25675878001FCB6A /* Security.framework in Frameworks */ = {isa = PBXBuildFile; fileRef = 1D8F80ED93500CE4D217953A /* Security.framework */; };
		AE43C1C025675878001FCB6A /* CoreTelephony.framework in Frameworks */ = {isa = PBXBuildFile; fileRef = 9CAAEFED60F6FF0E665C9292 /* CoreTelephony.framework */; };
		AE43C1C125675878001FCB6A /* Pods_MultipleTargetMPaasProject.framework in Frameworks */ = {isa = PBXBuildFile; fileRef = 07D9AFD5174B749B6F2CEDB4 /* Pods_MultipleTargetMPaasProject.framework */; };
		AE43C1C225675878001FCB6A /* CoreTelephony.framework in Frameworks */ = {isa = PBXBuildFile; fileRef = 1430B2EF963E6D47BFA7CB02 /* CoreTelephony.framework */; };
		AE43C1C325675878001FCB6A /* SystemConfiguration.framework in Frameworks */ = {isa = PBXBuildFile; fileRef = 3E23AF70B956C2939003AE52 /* SystemConfiguration.framework */; };
		AE43C1C525675878001FCB6A /* LaunchScreen.storyboard in Resources */ = {isa = PBXBuildFile; fileRef = E43E7C7421D1077E00D9E31A /* LaunchScreen.storyboard */; };
		AE43C1C625675878001FCB6A /* MobileRuntime.plist in Resources */ = {isa = PBXBuildFile; fileRef = AE43C1A925675501001FCB6A /* MobileRuntime.plist */; };
		AE43C1C725675878001FCB6A /* Assets.xcassets in Resources */ = {isa = PBXBuildFile; fileRef = E43E7C7221D1077E00D9E31A /* Assets.xcassets */; };
		AE43C1C825675878001FCB6A /* meta.config in Resources */ = {isa = PBXBuildFile; fileRef = 597B7E53B22F743A4A8C4D9E /* meta.config */; };
		AE43C1C925675878001FCB6A /* yw_1222.jpg in Resources */ = {isa = PBXBuildFile; fileRef = 99D4000484864487BC28A1A1 /* yw_1222.jpg */; };
		AE43C1CA25675878001FCB6A /* Images_mPaaS.xcassets in Resources */ = {isa = PBXBuildFile; fileRef = CEC99B3F2C61B350D2CED29E /* Images_mPaaS.xcassets */; };
		AE43C1D625675885001FCB6A /* main.m in Sources */ = {isa = PBXBuildFile; fileRef = E43E7C7821D1077E00D9E31A /* main.m */; };
		AE43C1D725675885001FCB6A /* MPViewController.m in Sources */ = {isa = PBXBuildFile; fileRef = B6262BFA88D38ABBE266FD35 /* MPViewController.m */; };
		AE43C1D825675885001FCB6A /* DTFrameworkInterface+MultipleTargetMPaasProject.m in Sources */ = {isa = PBXBuildFile; fileRef = DA05238F8780B6930988C680 /* DTFrameworkInterface+MultipleTargetMPaasProject.m */; };
		AE43C1D925675885001FCB6A /* MPaaSInterface+MultipleTargetMPaasProject.m in Sources */ = {isa = PBXBuildFile; fileRef = 9AB16CEA8B1E9390ADA40C75 /* MPaaSInterface+MultipleTargetMPaasProject.m */; };
		AE43C1DA25675885001FCB6A /* MPLauncherAppDelegate.m in Sources */ = {isa = PBXBuildFile; fileRef = AE43C1A825675500001FCB6A /* MPLauncherAppDelegate.m */; };
		AE43C1DB25675885001FCB6A /* MPTabBarController.m in Sources */ = {isa = PBXBuildFile; fileRef = 1DED327A66228916F11E1286 /* MPTabBarController.m */; };
		AE43C1DD25675885001FCB6A /* SystemConfiguration.framework in Frameworks */ = {isa = PBXBuildFile; fileRef = 6775CE9697C00BC3030FDB69 /* SystemConfiguration.framework */; };
		AE43C1DE25675885001FCB6A /* UserNotifications.framework in Frameworks */ = {isa = PBXBuildFile; fileRef = 743FD2F6B75BF01D85A905C6 /* UserNotifications.framework */; };
		AE43C1DF25675885001FCB6A /* Security.framework in Frameworks */ = {isa = PBXBuildFile; fileRef = 1D8F80ED93500CE4D217953A /* Security.framework */; };
		AE43C1E025675885001FCB6A /* CoreTelephony.framework in Frameworks */ = {isa = PBXBuildFile; fileRef = 9CAAEFED60F6FF0E665C9292 /* CoreTelephony.framework */; };
		AE43C1E125675885001FCB6A /* Pods_MultipleTargetMPaasProject.framework in Frameworks */ = {isa = PBXBuildFile; fileRef = 07D9AFD5174B749B6F2CEDB4 /* Pods_MultipleTargetMPaasProject.framework */; };
		AE43C1E225675885001FCB6A /* CoreTelephony.framework in Frameworks */ = {isa = PBXBuildFile; fileRef = 1430B2EF963E6D47BFA7CB02 /* CoreTelephony.framework */; };
		AE43C1E325675885001FCB6A /* SystemConfiguration.framework in Frameworks */ = {isa = PBXBuildFile; fileRef = 3E23AF70B956C2939003AE52 /* SystemConfiguration.framework */; };
		AE43C1E525675885001FCB6A /* LaunchScreen.storyboard in Resources */ = {isa = PBXBuildFile; fileRef = E43E7C7421D1077E00D9E31A /* LaunchScreen.storyboard */; };
		AE43C1E625675885001FCB6A /* MobileRuntime.plist in Resources */ = {isa = PBXBuildFile; fileRef = AE43C1A925675501001FCB6A /* MobileRuntime.plist */; };
		AE43C1E725675885001FCB6A /* Assets.xcassets in Resources */ = {isa = PBXBuildFile; fileRef = E43E7C7221D1077E00D9E31A /* Assets.xcassets */; };
		AE43C1E825675885001FCB6A /* meta.config in Resources */ = {isa = PBXBuildFile; fileRef = 597B7E53B22F743A4A8C4D9E /* meta.config */; };
		AE43C1E925675885001FCB6A /* yw_1222.jpg in Resources */ = {isa = PBXBuildFile; fileRef = 99D4000484864487BC28A1A1 /* yw_1222.jpg */; };
		AE43C1EA25675885001FCB6A /* Images_mPaaS.xcassets in Resources */ = {isa = PBXBuildFile; fileRef = CEC99B3F2C61B350D2CED29E /* Images_mPaaS.xcassets */; };
		AE43C1F72567588E001FCB6A /* main.m in Sources */ = {isa = PBXBuildFile; fileRef = E43E7C7821D1077E00D9E31A /* main.m */; };
		AE43C1F82567588E001FCB6A /* MPViewController.m in Sources */ = {isa = PBXBuildFile; fileRef = B6262BFA88D38ABBE266FD35 /* MPViewController.m */; };
		AE43C1F92567588E001FCB6A /* DTFrameworkInterface+MultipleTargetMPaasProject.m in Sources */ = {isa = PBXBuildFile; fileRef = DA05238F8780B6930988C680 /* DTFrameworkInterface+MultipleTargetMPaasProject.m */; };
		AE43C1FA2567588E001FCB6A /* MPaaSInterface+MultipleTargetMPaasProject.m in Sources */ = {isa = PBXBuildFile; fileRef = 9AB16CEA8B1E9390ADA40C75 /* MPaaSInterface+MultipleTargetMPaasProject.m */; };
		AE43C1FB2567588E001FCB6A /* MPLauncherAppDelegate.m in Sources */ = {isa = PBXBuildFile; fileRef = AE43C1A825675500001FCB6A /* MPLauncherAppDelegate.m */; };
		AE43C1FC2567588E001FCB6A /* MPTabBarController.m in Sources */ = {isa = PBXBuildFile; fileRef = 1DED327A66228916F11E1286 /* MPTabBarController.m */; };
		AE43C1FE2567588E001FCB6A /* SystemConfiguration.framework in Frameworks */ = {isa = PBXBuildFile; fileRef = 6775CE9697C00BC3030FDB69 /* SystemConfiguration.framework */; };
		AE43C1FF2567588E001FCB6A /* UserNotifications.framework in Frameworks */ = {isa = PBXBuildFile; fileRef = 743FD2F6B75BF01D85A905C6 /* UserNotifications.framework */; };
		AE43C2002567588E001FCB6A /* Security.framework in Frameworks */ = {isa = PBXBuildFile; fileRef = 1D8F80ED93500CE4D217953A /* Security.framework */; };
		AE43C2012567588E001FCB6A /* CoreTelephony.framework in Frameworks */ = {isa = PBXBuildFile; fileRef = 9CAAEFED60F6FF0E665C9292 /* CoreTelephony.framework */; };
		AE43C2022567588E001FCB6A /* Pods_MultipleTargetMPaasProject.framework in Frameworks */ = {isa = PBXBuildFile; fileRef = 07D9AFD5174B749B6F2CEDB4 /* Pods_MultipleTargetMPaasProject.framework */; };
		AE43C2032567588E001FCB6A /* CoreTelephony.framework in Frameworks */ = {isa = PBXBuildFile; fileRef = 1430B2EF963E6D47BFA7CB02 /* CoreTelephony.framework */; };
		AE43C2042567588E001FCB6A /* SystemConfiguration.framework in Frameworks */ = {isa = PBXBuildFile; fileRef = 3E23AF70B956C2939003AE52 /* SystemConfiguration.framework */; };
		AE43C2062567588E001FCB6A /* LaunchScreen.storyboard in Resources */ = {isa = PBXBuildFile; fileRef = E43E7C7421D1077E00D9E31A /* LaunchScreen.storyboard */; };
		AE43C2072567588E001FCB6A /* MobileRuntime.plist in Resources */ = {isa = PBXBuildFile; fileRef = AE43C1A925675501001FCB6A /* MobileRuntime.plist */; };
		AE43C2082567588E001FCB6A /* Assets.xcassets in Resources */ = {isa = PBXBuildFile; fileRef = E43E7C7221D1077E00D9E31A /* Assets.xcassets */; };
		AE43C2092567588E001FCB6A /* meta.config in Resources */ = {isa = PBXBuildFile; fileRef = 597B7E53B22F743A4A8C4D9E /* meta.config */; };
		AE43C20A2567588E001FCB6A /* yw_1222.jpg in Resources */ = {isa = PBXBuildFile; fileRef = 99D4000484864487BC28A1A1 /* yw_1222.jpg */; };
		AE43C20B2567588E001FCB6A /* Images_mPaaS.xcassets in Resources */ = {isa = PBXBuildFile; fileRef = CEC99B3F2C61B350D2CED29E /* Images_mPaaS.xcassets */; };
		AE43C219256758C1001FCB6A /* main.m in Sources */ = {isa = PBXBuildFile; fileRef = E43E7C7821D1077E00D9E31A /* main.m */; };
		AE43C21A256758C1001FCB6A /* MPViewController.m in Sources */ = {isa = PBXBuildFile; fileRef = B6262BFA88D38ABBE266FD35 /* MPViewController.m */; };
		AE43C21B256758C1001FCB6A /* DTFrameworkInterface+MultipleTargetMPaasProject.m in Sources */ = {isa = PBXBuildFile; fileRef = DA05238F8780B6930988C680 /* DTFrameworkInterface+MultipleTargetMPaasProject.m */; };
		AE43C21C256758C1001FCB6A /* MPaaSInterface+MultipleTargetMPaasProject.m in Sources */ = {isa = PBXBuildFile; fileRef = 9AB16CEA8B1E9390ADA40C75 /* MPaaSInterface+MultipleTargetMPaasProject.m */; };
		AE43C21D256758C1001FCB6A /* MPLauncherAppDelegate.m in Sources */ = {isa = PBXBuildFile; fileRef = AE43C1A825675500001FCB6A /* MPLauncherAppDelegate.m */; };
		AE43C21E256758C1001FCB6A /* MPTabBarController.m in Sources */ = {isa = PBXBuildFile; fileRef = 1DED327A66228916F11E1286 /* MPTabBarController.m */; };
		AE43C220256758C1001FCB6A /* SystemConfiguration.framework in Frameworks */ = {isa = PBXBuildFile; fileRef = 6775CE9697C00BC3030FDB69 /* SystemConfiguration.framework */; };
		AE43C221256758C1001FCB6A /* UserNotifications.framework in Frameworks */ = {isa = PBXBuildFile; fileRef = 743FD2F6B75BF01D85A905C6 /* UserNotifications.framework */; };
		AE43C222256758C1001FCB6A /* Security.framework in Frameworks */ = {isa = PBXBuildFile; fileRef = 1D8F80ED93500CE4D217953A /* Security.framework */; };
		AE43C223256758C1001FCB6A /* CoreTelephony.framework in Frameworks */ = {isa = PBXBuildFile; fileRef = 9CAAEFED60F6FF0E665C9292 /* CoreTelephony.framework */; };
		AE43C224256758C1001FCB6A /* Pods_MultipleTargetMPaasProject.framework in Frameworks */ = {isa = PBXBuildFile; fileRef = 07D9AFD5174B749B6F2CEDB4 /* Pods_MultipleTargetMPaasProject.framework */; };
		AE43C225256758C1001FCB6A /* CoreTelephony.framework in Frameworks */ = {isa = PBXBuildFile; fileRef = 1430B2EF963E6D47BFA7CB02 /* CoreTelephony.framework */; };
		AE43C226256758C1001FCB6A /* SystemConfiguration.framework in Frameworks */ = {isa = PBXBuildFile; fileRef = 3E23AF70B956C2939003AE52 /* SystemConfiguration.framework */; };
		AE43C228256758C1001FCB6A /* LaunchScreen.storyboard in Resources */ = {isa = PBXBuildFile; fileRef = E43E7C7421D1077E00D9E31A /* LaunchScreen.storyboard */; };
		AE43C229256758C1001FCB6A /* MobileRuntime.plist in Resources */ = {isa = PBXBuildFile; fileRef = AE43C1A925675501001FCB6A /* MobileRuntime.plist */; };
		AE43C22A256758C1001FCB6A /* Assets.xcassets in Resources */ = {isa = PBXBuildFile; fileRef = E43E7C7221D1077E00D9E31A /* Assets.xcassets */; };
		AE43C22B256758C1001FCB6A /* meta.config in Resources */ = {isa = PBXBuildFile; fileRef = 597B7E53B22F743A4A8C4D9E /* meta.config */; };
		AE43C22C256758C1001FCB6A /* yw_1222.jpg in Resources */ = {isa = PBXBuildFile; fileRef = 99D4000484864487BC28A1A1 /* yw_1222.jpg */; };
		AE43C22D256758C1001FCB6A /* Images_mPaaS.xcassets in Resources */ = {isa = PBXBuildFile; fileRef = CEC99B3F2C61B350D2CED29E /* Images_mPaaS.xcassets */; };
		AE43C24C25675B7A001FCB6A /* MultipleTargetMPaasProjectSitInfo.plist in Resources */ = {isa = PBXBuildFile; fileRef = AE43C24825675B7A001FCB6A /* MultipleTargetMPaasProjectSitInfo.plist */; };
		AE43C24D25675B7A001FCB6A /* MultipleTargetMPaasProjectSitInfo.plist in Resources */ = {isa = PBXBuildFile; fileRef = AE43C24825675B7A001FCB6A /* MultipleTargetMPaasProjectSitInfo.plist */; };
		AE43C24E25675B7A001FCB6A /* MultipleTargetMPaasProjectSitInfo.plist in Resources */ = {isa = PBXBuildFile; fileRef = AE43C24825675B7A001FCB6A /* MultipleTargetMPaasProjectSitInfo.plist */; };
		AE43C24F25675B7A001FCB6A /* MultipleTargetMPaasProjectSitInfo.plist in Resources */ = {isa = PBXBuildFile; fileRef = AE43C24825675B7A001FCB6A /* MultipleTargetMPaasProjectSitInfo.plist */; };
		AE43C25025675B7A001FCB6A /* MultipleTargetMPaasProjectSitInfo.plist in Resources */ = {isa = PBXBuildFile; fileRef = AE43C24825675B7A001FCB6A /* MultipleTargetMPaasProjectSitInfo.plist */; };
		AE43C25125675B7A001FCB6A /* MultipleTargetMPaasProjectPressureInfo.plist in Resources */ = {isa = PBXBuildFile; fileRef = AE43C24925675B7A001FCB6A /* MultipleTargetMPaasProjectPressureInfo.plist */; };
		AE43C25225675B7A001FCB6A /* MultipleTargetMPaasProjectPressureInfo.plist in Resources */ = {isa = PBXBuildFile; fileRef = AE43C24925675B7A001FCB6A /* MultipleTargetMPaasProjectPressureInfo.plist */; };
		AE43C25325675B7A001FCB6A /* MultipleTargetMPaasProjectPressureInfo.plist in Resources */ = {isa = PBXBuildFile; fileRef = AE43C24925675B7A001FCB6A /* MultipleTargetMPaasProjectPressureInfo.plist */; };
		AE43C25425675B7A001FCB6A /* MultipleTargetMPaasProjectPressureInfo.plist in Resources */ = {isa = PBXBuildFile; fileRef = AE43C24925675B7A001FCB6A /* MultipleTargetMPaasProjectPressureInfo.plist */; };
		AE43C25525675B7A001FCB6A /* MultipleTargetMPaasProjectPressureInfo.plist in Resources */ = {isa = PBXBuildFile; fileRef = AE43C24925675B7A001FCB6A /* MultipleTargetMPaasProjectPressureInfo.plist */; };
		AE43C25625675B7A001FCB6A /* MultipleTargetMPaasProjectUatInfo.plist in Resources */ = {isa = PBXBuildFile; fileRef = AE43C24A25675B7A001FCB6A /* MultipleTargetMPaasProjectUatInfo.plist */; };
		AE43C25725675B7A001FCB6A /* MultipleTargetMPaasProjectUatInfo.plist in Resources */ = {isa = PBXBuildFile; fileRef = AE43C24A25675B7A001FCB6A /* MultipleTargetMPaasProjectUatInfo.plist */; };
		AE43C25825675B7A001FCB6A /* MultipleTargetMPaasProjectUatInfo.plist in Resources */ = {isa = PBXBuildFile; fileRef = AE43C24A25675B7A001FCB6A /* MultipleTargetMPaasProjectUatInfo.plist */; };
		AE43C25925675B7A001FCB6A /* MultipleTargetMPaasProjectUatInfo.plist in Resources */ = {isa = PBXBuildFile; fileRef = AE43C24A25675B7A001FCB6A /* MultipleTargetMPaasProjectUatInfo.plist */; };
		AE43C25A25675B7A001FCB6A /* MultipleTargetMPaasProjectUatInfo.plist in Resources */ = {isa = PBXBuildFile; fileRef = AE43C24A25675B7A001FCB6A /* MultipleTargetMPaasProjectUatInfo.plist */; };
		AE43C25B25675B7A001FCB6A /* MultipleTargetMPaasProjectBrDemandInfo.plist in Resources */ = {isa = PBXBuildFile; fileRef = AE43C24B25675B7A001FCB6A /* MultipleTargetMPaasProjectBrDemandInfo.plist */; };
		AE43C25C25675B7A001FCB6A /* MultipleTargetMPaasProjectBrDemandInfo.plist in Resources */ = {isa = PBXBuildFile; fileRef = AE43C24B25675B7A001FCB6A /* MultipleTargetMPaasProjectBrDemandInfo.plist */; };
		AE43C25D25675B7A001FCB6A /* MultipleTargetMPaasProjectBrDemandInfo.plist in Resources */ = {isa = PBXBuildFile; fileRef = AE43C24B25675B7A001FCB6A /* MultipleTargetMPaasProjectBrDemandInfo.plist */; };
		AE43C25E25675B7A001FCB6A /* MultipleTargetMPaasProjectBrDemandInfo.plist in Resources */ = {isa = PBXBuildFile; fileRef = AE43C24B25675B7A001FCB6A /* MultipleTargetMPaasProjectBrDemandInfo.plist */; };
		AE43C25F25675B7A001FCB6A /* MultipleTargetMPaasProjectBrDemandInfo.plist in Resources */ = {isa = PBXBuildFile; fileRef = AE43C24B25675B7A001FCB6A /* MultipleTargetMPaasProjectBrDemandInfo.plist */; };
		CF2C3FAF9C2C1B2D5E8FBAE6 /* MPViewController.m in Sources */ = {isa = PBXBuildFile; fileRef = B6262BFA88D38ABBE266FD35 /* MPViewController.m */; };
		E43E7C7321D1077E00D9E31A /* Assets.xcassets in Resources */ = {isa = PBXBuildFile; fileRef = E43E7C7221D1077E00D9E31A /* Assets.xcassets */; };
		E43E7C7621D1077E00D9E31A /* LaunchScreen.storyboard in Resources */ = {isa = PBXBuildFile; fileRef = E43E7C7421D1077E00D9E31A /* LaunchScreen.storyboard */; };
		E43E7C7921D1077E00D9E31A /* main.m in Sources */ = {isa = PBXBuildFile; fileRef = E43E7C7821D1077E00D9E31A /* main.m */; };
		EC30570023FEF72D354BE906 /* MPTabBarController.m in Sources */ = {isa = PBXBuildFile; fileRef = 1DED327A66228916F11E1286 /* MPTabBarController.m */; };
		F3E6D5CAE13AF547F644B026 /* Images_mPaaS.xcassets in Resources */ = {isa = PBXBuildFile; fileRef = CEC99B3F2C61B350D2CED29E /* Images_mPaaS.xcassets */; };
		F94C0A3639B2E6A5C7143008 /* CoreTelephony.framework in Frameworks */ = {isa = PBXBuildFile; fileRef = 1430B2EF963E6D47BFA7CB02 /* CoreTelephony.framework */; };
		FCA68DE8C10EAB81F2DF50B7 /* MPaaSInterface+MultipleTargetMPaasProject.m in Sources */ = {isa = PBXBuildFile; fileRef = 9AB16CEA8B1E9390ADA40C75 /* MPaaSInterface+MultipleTargetMPaasProject.m */; };
/* End PBXBuildFile section */

/* Begin PBXFileReference section */
		07D9AFD5174B749B6F2CEDB4 /* Pods_MultipleTargetMPaasProject.framework */ = {isa = PBXFileReference; explicitFileType = wrapper.framework; includeInIndex = 0; path = Pods_MultipleTargetMPaasProject.framework; sourceTree = BUILT_PRODUCTS_DIR; };
		09D41B841DAF033057649C70 /* MPViewController.h */ = {isa = PBXFileReference; includeInIndex = 1; lastKnownFileType = sourcecode.c.h; path = MPViewController.h; sourceTree = "<group>"; };
		1430B2EF963E6D47BFA7CB02 /* CoreTelephony.framework */ = {isa = PBXFileReference; lastKnownFileType = wrapper.framework; name = CoreTelephony.framework; path = Platforms/iPhoneOS.platform/Developer/SDKs/iPhoneOS14.0.sdk/System/Library/Frameworks/CoreTelephony.framework; sourceTree = DEVELOPER_DIR; };
		18394317FB101A425D9EB8C4 /* Pods-MultipleTargetMPaasProject.release.xcconfig */ = {isa = PBXFileReference; includeInIndex = 1; lastKnownFileType = text.xcconfig; name = "Pods-MultipleTargetMPaasProject.release.xcconfig"; path = "Target Support Files/Pods-MultipleTargetMPaasProject/Pods-MultipleTargetMPaasProject.release.xcconfig"; sourceTree = "<group>"; };
		1D8F80ED93500CE4D217953A /* Security.framework */ = {isa = PBXFileReference; lastKnownFileType = wrapper.framework; name = Security.framework; path = /Applications/Xcode.app/Contents/Developer/Platforms/iPhoneOS.platform/Developer/SDKs/iPhoneOS14.2.sdk/System/Library/Frameworks/Security.framework; sourceTree = SDKROOT; };
		1DED327A66228916F11E1286 /* MPTabBarController.m */ = {isa = PBXFileReference; includeInIndex = 1; lastKnownFileType = sourcecode.c.objc; path = MPTabBarController.m; sourceTree = "<group>"; };
		227E22DFCF00ABE1F5A4A9FB /* MPTabBarController.h */ = {isa = PBXFileReference; includeInIndex = 1; lastKnownFileType = sourcecode.c.h; path = MPTabBarController.h; sourceTree = "<group>"; };
		22CEF2767A88F4AD97F384F9 /* DTFrameworkInterface+MultipleTargetMPaasProject.h */ = {isa = PBXFileReference; includeInIndex = 1; lastKnownFileType = sourcecode.c.h; path = "DTFrameworkInterface+MultipleTargetMPaasProject.h"; sourceTree = "<group>"; };
		312472F1591EE7A83A2958ED /* MultipleTargetMPaasProject-Prefix.pch */ = {isa = PBXFileReference; includeInIndex = 1; lastKnownFileType = sourcecode.c.h; name = "MultipleTargetMPaasProject-Prefix.pch"; path = "../../../MultipleTargetMPaasProject/MultipleTargetMPaasProject-Prefix.pch"; sourceTree = "<group>"; };
		3E23AF70B956C2939003AE52 /* SystemConfiguration.framework */ = {isa = PBXFileReference; lastKnownFileType = wrapper.framework; name = SystemConfiguration.framework; path = Platforms/iPhoneOS.platform/Developer/SDKs/iPhoneOS14.0.sdk/System/Library/Frameworks/SystemConfiguration.framework; sourceTree = DEVELOPER_DIR; };
		47C3FFD5CFE9CD8C9812DA10 /* MPaaSInterface+MultipleTargetMPaasProject.h */ = {isa = PBXFileReference; includeInIndex = 1; lastKnownFileType = sourcecode.c.h; path = "MPaaSInterface+MultipleTargetMPaasProject.h"; sourceTree = "<group>"; };
		51AB2DA7FD2F8790E172710D /* Pods-MultipleTargetMPaasProject.debug.xcconfig */ = {isa = PBXFileReference; includeInIndex = 1; lastKnownFileType = text.xcconfig; name = "Pods-MultipleTargetMPaasProject.debug.xcconfig"; path = "Target Support Files/Pods-MultipleTargetMPaasProject/Pods-MultipleTargetMPaasProject.debug.xcconfig"; sourceTree = "<group>"; };
		597B7E53B22F743A4A8C4D9E /* meta.config */ = {isa = PBXFileReference; includeInIndex = 1; lastKnownFileType = text; path = meta.config; sourceTree = "<group>"; };
		6775CE9697C00BC3030FDB69 /* SystemConfiguration.framework */ = {isa = PBXFileReference; lastKnownFileType = wrapper.framework; name = SystemConfiguration.framework; path = /Applications/Xcode.app/Contents/Developer/Platforms/iPhoneOS.platform/Developer/SDKs/iPhoneOS14.2.sdk/System/Library/Frameworks/SystemConfiguration.framework; sourceTree = SDKROOT; };
		68300975F3D3D34CC79047E6 /* mpaas_sdk.config */ = {isa = PBXFileReference; includeInIndex = 1; lastKnownFileType = text; path = mpaas_sdk.config; sourceTree = "<group>"; };
		743FD2F6B75BF01D85A905C6 /* UserNotifications.framework */ = {isa = PBXFileReference; lastKnownFileType = wrapper.framework; name = UserNotifications.framework; path = /Applications/Xcode.app/Contents/Developer/Platforms/iPhoneOS.platform/Developer/SDKs/iPhoneOS14.2.sdk/System/Library/Frameworks/UserNotifications.framework; sourceTree = SDKROOT; };
		99D4000484864487BC28A1A1 /* yw_1222.jpg */ = {isa = PBXFileReference; includeInIndex = 1; lastKnownFileType = image.jpeg; path = yw_1222.jpg; sourceTree = "<group>"; };
		9AB16CEA8B1E9390ADA40C75 /* MPaaSInterface+MultipleTargetMPaasProject.m */ = {isa = PBXFileReference; includeInIndex = 1; lastKnownFileType = sourcecode.c.objc; path = "MPaaSInterface+MultipleTargetMPaasProject.m"; sourceTree = "<group>"; };
		9CAAEFED60F6FF0E665C9292 /* CoreTelephony.framework */ = {isa = PBXFileReference; lastKnownFileType = wrapper.framework; name = CoreTelephony.framework; path = /Applications/Xcode.app/Contents/Developer/Platforms/iPhoneOS.platform/Developer/SDKs/iPhoneOS14.2.sdk/System/Library/Frameworks/CoreTelephony.framework; sourceTree = SDKROOT; };
		A027EC6BDD61B57AEBACE191 /* MultipleTargetMPaasProject-mPaaS-Headers.h */ = {isa = PBXFileReference; includeInIndex = 1; lastKnownFileType = sourcecode.c.h; path = "MultipleTargetMPaasProject-mPaaS-Headers.h"; sourceTree = "<group>"; };
		AE43C1A825675500001FCB6A /* MPLauncherAppDelegate.m */ = {isa = PBXFileReference; fileEncoding = 4; lastKnownFileType = sourcecode.c.objc; path = MPLauncherAppDelegate.m; sourceTree = "<group>"; };
		AE43C1A925675501001FCB6A /* MobileRuntime.plist */ = {isa = PBXFileReference; fileEncoding = 4; lastKnownFileType = text.plist.xml; path = MobileRuntime.plist; sourceTree = "<group>"; };
		AE43C1AA25675501001FCB6A /* MPLauncherAppDelegate.h */ = {isa = PBXFileReference; fileEncoding = 4; lastKnownFileType = sourcecode.c.h; path = MPLauncherAppDelegate.h; sourceTree = "<group>"; };
		AE43C1CF25675878001FCB6A /* MultipleTargetMPaasProjectSit.app */ = {isa = PBXFileReference; explicitFileType = wrapper.application; includeInIndex = 0; path = MultipleTargetMPaasProjectSit.app; sourceTree = BUILT_PRODUCTS_DIR; };
		AE43C1EF25675885001FCB6A /* MultipleTargetMPaasProjectUat.app */ = {isa = PBXFileReference; explicitFileType = wrapper.application; includeInIndex = 0; path = MultipleTargetMPaasProjectUat.app; sourceTree = BUILT_PRODUCTS_DIR; };
		AE43C2102567588E001FCB6A /* MultipleTargetMPaasProjectPressure.app */ = {isa = PBXFileReference; explicitFileType = wrapper.application; includeInIndex = 0; path = MultipleTargetMPaasProjectPressure.app; sourceTree = BUILT_PRODUCTS_DIR; };
		AE43C232256758C1001FCB6A /* MultipleTargetMPaasProjectBrDemand.app */ = {isa = PBXFileReference; explicitFileType = wrapper.application; includeInIndex = 0; path = MultipleTargetMPaasProjectBrDemand.app; sourceTree = BUILT_PRODUCTS_DIR; };
		AE43C24825675B7A001FCB6A /* MultipleTargetMPaasProjectSitInfo.plist */ = {isa = PBXFileReference; fileEncoding = 4; lastKnownFileType = text.plist.xml; path = MultipleTargetMPaasProjectSitInfo.plist; sourceTree = "<group>"; };
		AE43C24925675B7A001FCB6A /* MultipleTargetMPaasProjectPressureInfo.plist */ = {isa = PBXFileReference; fileEncoding = 4; lastKnownFileType = text.plist.xml; path = MultipleTargetMPaasProjectPressureInfo.plist; sourceTree = "<group>"; };
		AE43C24A25675B7A001FCB6A /* MultipleTargetMPaasProjectUatInfo.plist */ = {isa = PBXFileReference; fileEncoding = 4; lastKnownFileType = text.plist.xml; path = MultipleTargetMPaasProjectUatInfo.plist; sourceTree = "<group>"; };
		AE43C24B25675B7A001FCB6A /* MultipleTargetMPaasProjectBrDemandInfo.plist */ = {isa = PBXFileReference; fileEncoding = 4; lastKnownFileType = text.plist.xml; path = MultipleTargetMPaasProjectBrDemandInfo.plist; sourceTree = "<group>"; };
		B6262BFA88D38ABBE266FD35 /* MPViewController.m */ = {isa = PBXFileReference; includeInIndex = 1; lastKnownFileType = sourcecode.c.objc; path = MPViewController.m; sourceTree = "<group>"; };
		CEC99B3F2C61B350D2CED29E /* Images_mPaaS.xcassets */ = {isa = PBXFileReference; includeInIndex = 1; lastKnownFileType = folder.assetcatalog; path = Images_mPaaS.xcassets; sourceTree = "<group>"; };
		DA05238F8780B6930988C680 /* DTFrameworkInterface+MultipleTargetMPaasProject.m */ = {isa = PBXFileReference; includeInIndex = 1; lastKnownFileType = sourcecode.c.objc; path = "DTFrameworkInterface+MultipleTargetMPaasProject.m"; sourceTree = "<group>"; };
		E43E7C6621D1077E00D9E31A /* MultipleTargetMPaasProject.app */ = {isa = PBXFileReference; explicitFileType = wrapper.application; includeInIndex = 0; path = MultipleTargetMPaasProject.app; sourceTree = BUILT_PRODUCTS_DIR; };
		E43E7C7221D1077E00D9E31A /* Assets.xcassets */ = {isa = PBXFileReference; lastKnownFileType = folder.assetcatalog; path = Assets.xcassets; sourceTree = "<group>"; };
		E43E7C7521D1077E00D9E31A /* Base */ = {isa = PBXFileReference; lastKnownFileType = file.storyboard; name = Base; path = Base.lproj/LaunchScreen.storyboard; sourceTree = "<group>"; };
		E43E7C7721D1077E00D9E31A /* MultipleTargetMPaasProjectInfo.plist */ = {isa = PBXFileReference; lastKnownFileType = text.plist.xml; path = MultipleTargetMPaasProjectInfo.plist; sourceTree = "<group>"; };
		E43E7C7821D1077E00D9E31A /* main.m */ = {isa = PBXFileReference; lastKnownFileType = sourcecode.c.objc; path = main.m; sourceTree = "<group>"; };
		E43E7C8221D1095B00D9E31A /* MultipleTargetMPaasProject-Prefix.pch */ = {isa = PBXFileReference; lastKnownFileType = sourcecode.c.h; path = "MultipleTargetMPaasProject-Prefix.pch"; sourceTree = "<group>"; };
		E43E7C8621D1446400D9E31A /* MultipleTargetMPaasProject.entitlements */ = {isa = PBXFileReference; lastKnownFileType = text.plist.entitlements; path = MultipleTargetMPaasProject.entitlements; sourceTree = "<group>"; };
/* End PBXFileReference section */

/* Begin PBXFrameworksBuildPhase section */
		AE43C1BC25675878001FCB6A /* Frameworks */ = {
			isa = PBXFrameworksBuildPhase;
			buildActionMask = 2147483647;
			files = (
				AE43C1BD25675878001FCB6A /* SystemConfiguration.framework in Frameworks */,
				AE43C1BE25675878001FCB6A /* UserNotifications.framework in Frameworks */,
				AE43C1BF25675878001FCB6A /* Security.framework in Frameworks */,
				AE43C1C025675878001FCB6A /* CoreTelephony.framework in Frameworks */,
				AE43C1C125675878001FCB6A /* Pods_MultipleTargetMPaasProject.framework in Frameworks */,
				AE43C1C225675878001FCB6A /* CoreTelephony.framework in Frameworks */,
				AE43C1C325675878001FCB6A /* SystemConfiguration.framework in Frameworks */,
			);
			runOnlyForDeploymentPostprocessing = 0;
		};
		AE43C1DC25675885001FCB6A /* Frameworks */ = {
			isa = PBXFrameworksBuildPhase;
			buildActionMask = 2147483647;
			files = (
				AE43C1DD25675885001FCB6A /* SystemConfiguration.framework in Frameworks */,
				AE43C1DE25675885001FCB6A /* UserNotifications.framework in Frameworks */,
				AE43C1DF25675885001FCB6A /* Security.framework in Frameworks */,
				AE43C1E025675885001FCB6A /* CoreTelephony.framework in Frameworks */,
				AE43C1E125675885001FCB6A /* Pods_MultipleTargetMPaasProject.framework in Frameworks */,
				AE43C1E225675885001FCB6A /* CoreTelephony.framework in Frameworks */,
				AE43C1E325675885001FCB6A /* SystemConfiguration.framework in Frameworks */,
			);
			runOnlyForDeploymentPostprocessing = 0;
		};
		AE43C1FD2567588E001FCB6A /* Frameworks */ = {
			isa = PBXFrameworksBuildPhase;
			buildActionMask = 2147483647;
			files = (
				AE43C1FE2567588E001FCB6A /* SystemConfiguration.framework in Frameworks */,
				AE43C1FF2567588E001FCB6A /* UserNotifications.framework in Frameworks */,
				AE43C2002567588E001FCB6A /* Security.framework in Frameworks */,
				AE43C2012567588E001FCB6A /* CoreTelephony.framework in Frameworks */,
				AE43C2022567588E001FCB6A /* Pods_MultipleTargetMPaasProject.framework in Frameworks */,
				AE43C2032567588E001FCB6A /* CoreTelephony.framework in Frameworks */,
				AE43C2042567588E001FCB6A /* SystemConfiguration.framework in Frameworks */,
			);
			runOnlyForDeploymentPostprocessing = 0;
		};
		AE43C21F256758C1001FCB6A /* Frameworks */ = {
			isa = PBXFrameworksBuildPhase;
			buildActionMask = 2147483647;
			files = (
				AE43C220256758C1001FCB6A /* SystemConfiguration.framework in Frameworks */,
				AE43C221256758C1001FCB6A /* UserNotifications.framework in Frameworks */,
				AE43C222256758C1001FCB6A /* Security.framework in Frameworks */,
				AE43C223256758C1001FCB6A /* CoreTelephony.framework in Frameworks */,
				AE43C224256758C1001FCB6A /* Pods_MultipleTargetMPaasProject.framework in Frameworks */,
				AE43C225256758C1001FCB6A /* CoreTelephony.framework in Frameworks */,
				AE43C226256758C1001FCB6A /* SystemConfiguration.framework in Frameworks */,
			);
			runOnlyForDeploymentPostprocessing = 0;
		};
		E43E7C6321D1077E00D9E31A /* Frameworks */ = {
			isa = PBXFrameworksBuildPhase;
			buildActionMask = 2147483647;
			files = (
				23B1E8291A3C703D127EEAAE /* SystemConfiguration.framework in Frameworks */,
				188041F7BF3FCE3DCEADBF1A /* UserNotifications.framework in Frameworks */,
				3B3145F87FF2A0E932DC0471 /* Security.framework in Frameworks */,
				89CC742846DD4DC4AB678C46 /* CoreTelephony.framework in Frameworks */,
				86A865FA4AC20FF6E6DB66FE /* Pods_MultipleTargetMPaasProject.framework in Frameworks */,
				F94C0A3639B2E6A5C7143008 /* CoreTelephony.framework in Frameworks */,
				2867D8224E11F3600B2B4869 /* SystemConfiguration.framework in Frameworks */,
			);
			runOnlyForDeploymentPostprocessing = 0;
		};
/* End PBXFrameworksBuildPhase section */

/* Begin PBXGroup section */
		06A3F7718F05B65890AF80FC /* Targets */ = {
			isa = PBXGroup;
			children = (
				9C57DC6D4CEF970B2D2147A6 /* MultipleTargetMPaasProject */,
			);
			path = Targets;
			sourceTree = "<group>";
		};
		2B5C920094607C4ECF7DA34C /* MPaaS */ = {
			isa = PBXGroup;
			children = (
				68300975F3D3D34CC79047E6 /* mpaas_sdk.config */,
				06A3F7718F05B65890AF80FC /* Targets */,
			);
			path = MPaaS;
			sourceTree = "<group>";
		};
		319A703FAE133CB66C5F2085 /* iOS */ = {
			isa = PBXGroup;
			children = (
				1430B2EF963E6D47BFA7CB02 /* CoreTelephony.framework */,
				3E23AF70B956C2939003AE52 /* SystemConfiguration.framework */,
			);
			name = iOS;
			sourceTree = "<group>";
		};
		52A199AAA0B452216878FF88 /* Pods */ = {
			isa = PBXGroup;
			children = (
				51AB2DA7FD2F8790E172710D /* Pods-MultipleTargetMPaasProject.debug.xcconfig */,
				18394317FB101A425D9EB8C4 /* Pods-MultipleTargetMPaasProject.release.xcconfig */,
			);
			path = Pods;
			sourceTree = "<group>";
		};
		61D5F18CC8DA882FE7FF2080 /* mPaas */ = {
			isa = PBXGroup;
			children = (
				47C3FFD5CFE9CD8C9812DA10 /* MPaaSInterface+MultipleTargetMPaasProject.h */,
				9AB16CEA8B1E9390ADA40C75 /* MPaaSInterface+MultipleTargetMPaasProject.m */,
			);
			path = mPaas;
			sourceTree = "<group>";
		};
		63E1C85C979F78A8F4C7E956 /* APMobileFramework */ = {
			isa = PBXGroup;
			children = (
				22CEF2767A88F4AD97F384F9 /* DTFrameworkInterface+MultipleTargetMPaasProject.h */,
				DA05238F8780B6930988C680 /* DTFrameworkInterface+MultipleTargetMPaasProject.m */,
				CEC99B3F2C61B350D2CED29E /* Images_mPaaS.xcassets */,
				227E22DFCF00ABE1F5A4A9FB /* MPTabBarController.h */,
				1DED327A66228916F11E1286 /* MPTabBarController.m */,
			);
			path = APMobileFramework;
			sourceTree = "<group>";
		};
		9C57DC6D4CEF970B2D2147A6 /* MultipleTargetMPaasProject */ = {
			isa = PBXGroup;
			children = (
				597B7E53B22F743A4A8C4D9E /* meta.config */,
				99D4000484864487BC28A1A1 /* yw_1222.jpg */,
				A027EC6BDD61B57AEBACE191 /* MultipleTargetMPaasProject-mPaaS-Headers.h */,
				312472F1591EE7A83A2958ED /* MultipleTargetMPaasProject-Prefix.pch */,
				63E1C85C979F78A8F4C7E956 /* APMobileFramework */,
				61D5F18CC8DA882FE7FF2080 /* mPaas */,
			);
			path = MultipleTargetMPaasProject;
			sourceTree = "<group>";
		};
		BF3F8B37EDDBA5955D108787 /* Launcher */ = {
			isa = PBXGroup;
			children = (
				AE43C1A925675501001FCB6A /* MobileRuntime.plist */,
				AE43C1AA25675501001FCB6A /* MPLauncherAppDelegate.h */,
				AE43C1A825675500001FCB6A /* MPLauncherAppDelegate.m */,
				09D41B841DAF033057649C70 /* MPViewController.h */,
				B6262BFA88D38ABBE266FD35 /* MPViewController.m */,
			);
			path = Launcher;
			sourceTree = "<group>";
		};
		E43E7C5D21D1077E00D9E31A = {
			isa = PBXGroup;
			children = (
				E43E7C6821D1077E00D9E31A /* MultipleTargetMPaasProject */,
				E43E7C6721D1077E00D9E31A /* Products */,
				2B5C920094607C4ECF7DA34C /* MPaaS */,
				F2028E9A7D418D87D4A63C94 /* Frameworks */,
				52A199AAA0B452216878FF88 /* Pods */,
			);
			sourceTree = "<group>";
		};
		E43E7C6721D1077E00D9E31A /* Products */ = {
			isa = PBXGroup;
			children = (
				E43E7C6621D1077E00D9E31A /* MultipleTargetMPaasProject.app */,
				AE43C1CF25675878001FCB6A /* MultipleTargetMPaasProjectSit.app */,
				AE43C1EF25675885001FCB6A /* MultipleTargetMPaasProjectUat.app */,
				AE43C2102567588E001FCB6A /* MultipleTargetMPaasProjectPressure.app */,
				AE43C232256758C1001FCB6A /* MultipleTargetMPaasProjectBrDemand.app */,
			);
			name = Products;
			sourceTree = "<group>";
		};
		E43E7C6821D1077E00D9E31A /* MultipleTargetMPaasProject */ = {
			isa = PBXGroup;
			children = (
				E43E7C8621D1446400D9E31A /* MultipleTargetMPaasProject.entitlements */,
				E43E7C7F21D108B900D9E31A /* Sources */,
				E43E7C8021D108C100D9E31A /* Resources */,
				E43E7C8321D109ED00D9E31A /* Supporting Files */,
			);
			path = MultipleTargetMPaasProject;
			sourceTree = "<group>";
		};
		E43E7C7F21D108B900D9E31A /* Sources */ = {
			isa = PBXGroup;
			children = (
				BF3F8B37EDDBA5955D108787 /* Launcher */,
			);
			path = Sources;
			sourceTree = "<group>";
		};
		E43E7C8021D108C100D9E31A /* Resources */ = {
			isa = PBXGroup;
			children = (
				E43E7C7221D1077E00D9E31A /* Assets.xcassets */,
				E43E7C7421D1077E00D9E31A /* LaunchScreen.storyboard */,
			);
			path = Resources;
			sourceTree = "<group>";
		};
		E43E7C8321D109ED00D9E31A /* Supporting Files */ = {
			isa = PBXGroup;
			children = (
				AE43C24B25675B7A001FCB6A /* MultipleTargetMPaasProjectBrDemandInfo.plist */,
				AE43C24925675B7A001FCB6A /* MultipleTargetMPaasProjectPressureInfo.plist */,
				AE43C24825675B7A001FCB6A /* MultipleTargetMPaasProjectSitInfo.plist */,
				AE43C24A25675B7A001FCB6A /* MultipleTargetMPaasProjectUatInfo.plist */,
				E43E7C7721D1077E00D9E31A /* MultipleTargetMPaasProjectInfo.plist */,
				E43E7C7821D1077E00D9E31A /* main.m */,
				E43E7C8221D1095B00D9E31A /* MultipleTargetMPaasProject-Prefix.pch */,
			);
			name = "Supporting Files";
			sourceTree = "<group>";
		};
		F2028E9A7D418D87D4A63C94 /* Frameworks */ = {
			isa = PBXGroup;
			children = (
				6775CE9697C00BC3030FDB69 /* SystemConfiguration.framework */,
				743FD2F6B75BF01D85A905C6 /* UserNotifications.framework */,
				1D8F80ED93500CE4D217953A /* Security.framework */,
				9CAAEFED60F6FF0E665C9292 /* CoreTelephony.framework */,
				07D9AFD5174B749B6F2CEDB4 /* Pods_MultipleTargetMPaasProject.framework */,
				319A703FAE133CB66C5F2085 /* iOS */,
			);
			name = Frameworks;
			sourceTree = "<group>";
		};
/* End PBXGroup section */

/* Begin PBXNativeTarget section */
		AE43C1B325675878001FCB6A /* MultipleTargetMPaasProjectSit */ = {
			isa = PBXNativeTarget;
			buildConfigurationList = AE43C1CC25675878001FCB6A /* Build configuration list for PBXNativeTarget "MultipleTargetMPaasProjectSit" */;
			buildPhases = (
				AE43C1B425675878001FCB6A /* [CP] Check Pods Manifest.lock */,
				AE43C1B525675878001FCB6A /* Sources */,
				AE43C1BC25675878001FCB6A /* Frameworks */,
				AE43C1C425675878001FCB6A /* Resources */,
				AE43C1CB25675878001FCB6A /* [CP] Copy Pods Resources */,
			);
			buildRules = (
			);
			dependencies = (
			);
			name = MultipleTargetMPaasProjectSit;
			productName = MultipleTargetMPaasProject;
			productReference = AE43C1CF25675878001FCB6A /* MultipleTargetMPaasProjectSit.app */;
			productType = "com.apple.product-type.application";
		};
		AE43C1D325675885001FCB6A /* MultipleTargetMPaasProjectUat */ = {
			isa = PBXNativeTarget;
			buildConfigurationList = AE43C1EC25675885001FCB6A /* Build configuration list for PBXNativeTarget "MultipleTargetMPaasProjectUat" */;
			buildPhases = (
				AE43C1D425675885001FCB6A /* [CP] Check Pods Manifest.lock */,
				AE43C1D525675885001FCB6A /* Sources */,
				AE43C1DC25675885001FCB6A /* Frameworks */,
				AE43C1E425675885001FCB6A /* Resources */,
				AE43C1EB25675885001FCB6A /* [CP] Copy Pods Resources */,
			);
			buildRules = (
			);
			dependencies = (
			);
			name = MultipleTargetMPaasProjectUat;
			productName = MultipleTargetMPaasProject;
			productReference = AE43C1EF25675885001FCB6A /* MultipleTargetMPaasProjectUat.app */;
			productType = "com.apple.product-type.application";
		};
		AE43C1F42567588E001FCB6A /* MultipleTargetMPaasProjectPressure */ = {
			isa = PBXNativeTarget;
			buildConfigurationList = AE43C20D2567588E001FCB6A /* Build configuration list for PBXNativeTarget "MultipleTargetMPaasProjectPressure" */;
			buildPhases = (
				AE43C1F52567588E001FCB6A /* [CP] Check Pods Manifest.lock */,
				AE43C1F62567588E001FCB6A /* Sources */,
				AE43C1FD2567588E001FCB6A /* Frameworks */,
				AE43C2052567588E001FCB6A /* Resources */,
				AE43C20C2567588E001FCB6A /* [CP] Copy Pods Resources */,
			);
			buildRules = (
			);
			dependencies = (
			);
			name = MultipleTargetMPaasProjectPressure;
			productName = MultipleTargetMPaasProject;
			productReference = AE43C2102567588E001FCB6A /* MultipleTargetMPaasProjectPressure.app */;
			productType = "com.apple.product-type.application";
		};
		AE43C216256758C1001FCB6A /* MultipleTargetMPaasProjectBrDemand */ = {
			isa = PBXNativeTarget;
			buildConfigurationList = AE43C22F256758C1001FCB6A /* Build configuration list for PBXNativeTarget "MultipleTargetMPaasProjectBrDemand" */;
			buildPhases = (
				AE43C217256758C1001FCB6A /* [CP] Check Pods Manifest.lock */,
				AE43C218256758C1001FCB6A /* Sources */,
				AE43C21F256758C1001FCB6A /* Frameworks */,
				AE43C227256758C1001FCB6A /* Resources */,
				AE43C22E256758C1001FCB6A /* [CP] Copy Pods Resources */,
			);
			buildRules = (
			);
			dependencies = (
			);
			name = MultipleTargetMPaasProjectBrDemand;
			productName = MultipleTargetMPaasProject;
			productReference = AE43C232256758C1001FCB6A /* MultipleTargetMPaasProjectBrDemand.app */;
			productType = "com.apple.product-type.application";
		};
		E43E7C6521D1077E00D9E31A /* MultipleTargetMPaasProject */ = {
			isa = PBXNativeTarget;
			buildConfigurationList = E43E7C7C21D1077E00D9E31A /* Build configuration list for PBXNativeTarget "MultipleTargetMPaasProject" */;
			buildPhases = (
				32646B3AA9C60B6BF15C5625 /* [CP] Check Pods Manifest.lock */,
				E43E7C6221D1077E00D9E31A /* Sources */,
				E43E7C6321D1077E00D9E31A /* Frameworks */,
				E43E7C6421D1077E00D9E31A /* Resources */,
				9AE1B56AF0C59AAAF7C1736D /* [CP] Copy Pods Resources */,
			);
			buildRules = (
			);
			dependencies = (
			);
			name = MultipleTargetMPaasProject;
			productName = MultipleTargetMPaasProject;
			productReference = E43E7C6621D1077E00D9E31A /* MultipleTargetMPaasProject.app */;
			productType = "com.apple.product-type.application";
		};
/* End PBXNativeTarget section */

/* Begin PBXProject section */
		E43E7C5E21D1077E00D9E31A /* Project object */ = {
			isa = PBXProject;
			attributes = {
				LastUpgradeCheck = 1010;
				ORGANIZATIONNAME = Alibaba;
				TargetAttributes = {
					AE43C1B325675878001FCB6A = {
						DevelopmentTeam = 4PC35VMZBF;
						ProvisioningStyle = Manual;
					};
					AE43C1D325675885001FCB6A = {
						DevelopmentTeam = 4PC35VMZBF;
						ProvisioningStyle = Manual;
					};
					AE43C1F42567588E001FCB6A = {
						DevelopmentTeam = 4PC35VMZBF;
						ProvisioningStyle = Manual;
					};
					AE43C216256758C1001FCB6A = {
						DevelopmentTeam = 4PC35VMZBF;
						ProvisioningStyle = Manual;
					};
					E43E7C6521D1077E00D9E31A = {
						CreatedOnToolsVersion = 10.1;
						DevelopmentTeam = 4PC35VMZBF;
						ProvisioningStyle = Manual;
						SystemCapabilities = {
							com.apple.BackgroundModes = {
								enabled = 1;
							};
							com.apple.Push = {
								enabled = 1;
							};
						};
					};
				};
			};
			buildConfigurationList = E43E7C6121D1077E00D9E31A /* Build configuration list for PBXProject "MultipleTargetMPaasProject" */;
			compatibilityVersion = "Xcode 3.2";
			developmentRegion = en;
			hasScannedForEncodings = 0;
			knownRegions = (
				en,
				Base,
			);
			mainGroup = E43E7C5D21D1077E00D9E31A;
			productRefGroup = E43E7C6721D1077E00D9E31A /* Products */;
			projectDirPath = "";
			projectRoot = "";
			targets = (
				E43E7C6521D1077E00D9E31A /* MultipleTargetMPaasProject */,
				AE43C1B325675878001FCB6A /* MultipleTargetMPaasProjectSit */,
				AE43C1D325675885001FCB6A /* MultipleTargetMPaasProjectUat */,
				AE43C1F42567588E001FCB6A /* MultipleTargetMPaasProjectPressure */,
				AE43C216256758C1001FCB6A /* MultipleTargetMPaasProjectBrDemand */,
			);
		};
/* End PBXProject section */

/* Begin PBXResourcesBuildPhase section */
		AE43C1C425675878001FCB6A /* Resources */ = {
			isa = PBXResourcesBuildPhase;
			buildActionMask = 2147483647;
			files = (
				AE43C25725675B7A001FCB6A /* MultipleTargetMPaasProjectUatInfo.plist in Resources */,
				AE43C24D25675B7A001FCB6A /* MultipleTargetMPaasProjectSitInfo.plist in Resources */,
				AE43C1C525675878001FCB6A /* LaunchScreen.storyboard in Resources */,
				AE43C1C625675878001FCB6A /* MobileRuntime.plist in Resources */,
				AE43C1C725675878001FCB6A /* Assets.xcassets in Resources */,
				AE43C25C25675B7A001FCB6A /* MultipleTargetMPaasProjectBrDemandInfo.plist in Resources */,
				AE43C1C825675878001FCB6A /* meta.config in Resources */,
				AE43C1C925675878001FCB6A /* yw_1222.jpg in Resources */,
				AE43C1CA25675878001FCB6A /* Images_mPaaS.xcassets in Resources */,
				AE43C25225675B7A001FCB6A /* MultipleTargetMPaasProjectPressureInfo.plist in Resources */,
			);
			runOnlyForDeploymentPostprocessing = 0;
		};
		AE43C1E425675885001FCB6A /* Resources */ = {
			isa = PBXResourcesBuildPhase;
			buildActionMask = 2147483647;
			files = (
				AE43C25825675B7A001FCB6A /* MultipleTargetMPaasProjectUatInfo.plist in Resources */,
				AE43C24E25675B7A001FCB6A /* MultipleTargetMPaasProjectSitInfo.plist in Resources */,
				AE43C1E525675885001FCB6A /* LaunchScreen.storyboard in Resources */,
				AE43C1E625675885001FCB6A /* MobileRuntime.plist in Resources */,
				AE43C1E725675885001FCB6A /* Assets.xcassets in Resources */,
				AE43C25D25675B7A001FCB6A /* MultipleTargetMPaasProjectBrDemandInfo.plist in Resources */,
				AE43C1E825675885001FCB6A /* meta.config in Resources */,
				AE43C1E925675885001FCB6A /* yw_1222.jpg in Resources */,
				AE43C1EA25675885001FCB6A /* Images_mPaaS.xcassets in Resources */,
				AE43C25325675B7A001FCB6A /* MultipleTargetMPaasProjectPressureInfo.plist in Resources */,
			);
			runOnlyForDeploymentPostprocessing = 0;
		};
		AE43C2052567588E001FCB6A /* Resources */ = {
			isa = PBXResourcesBuildPhase;
			buildActionMask = 2147483647;
			files = (
				AE43C25925675B7A001FCB6A /* MultipleTargetMPaasProjectUatInfo.plist in Resources */,
				AE43C24F25675B7A001FCB6A /* MultipleTargetMPaasProjectSitInfo.plist in Resources */,
				AE43C2062567588E001FCB6A /* LaunchScreen.storyboard in Resources */,
				AE43C2072567588E001FCB6A /* MobileRuntime.plist in Resources */,
				AE43C2082567588E001FCB6A /* Assets.xcassets in Resources */,
				AE43C25E25675B7A001FCB6A /* MultipleTargetMPaasProjectBrDemandInfo.plist in Resources */,
				AE43C2092567588E001FCB6A /* meta.config in Resources */,
				AE43C20A2567588E001FCB6A /* yw_1222.jpg in Resources */,
				AE43C20B2567588E001FCB6A /* Images_mPaaS.xcassets in Resources */,
				AE43C25425675B7A001FCB6A /* MultipleTargetMPaasProjectPressureInfo.plist in Resources */,
			);
			runOnlyForDeploymentPostprocessing = 0;
		};
		AE43C227256758C1001FCB6A /* Resources */ = {
			isa = PBXResourcesBuildPhase;
			buildActionMask = 2147483647;
			files = (
				AE43C25A25675B7A001FCB6A /* MultipleTargetMPaasProjectUatInfo.plist in Resources */,
				AE43C25025675B7A001FCB6A /* MultipleTargetMPaasProjectSitInfo.plist in Resources */,
				AE43C228256758C1001FCB6A /* LaunchScreen.storyboard in Resources */,
				AE43C229256758C1001FCB6A /* MobileRuntime.plist in Resources */,
				AE43C22A256758C1001FCB6A /* Assets.xcassets in Resources */,
				AE43C25F25675B7A001FCB6A /* MultipleTargetMPaasProjectBrDemandInfo.plist in Resources */,
				AE43C22B256758C1001FCB6A /* meta.config in Resources */,
				AE43C22C256758C1001FCB6A /* yw_1222.jpg in Resources */,
				AE43C22D256758C1001FCB6A /* Images_mPaaS.xcassets in Resources */,
				AE43C25525675B7A001FCB6A /* MultipleTargetMPaasProjectPressureInfo.plist in Resources */,
			);
			runOnlyForDeploymentPostprocessing = 0;
		};
		E43E7C6421D1077E00D9E31A /* Resources */ = {
			isa = PBXResourcesBuildPhase;
			buildActionMask = 2147483647;
			files = (
				AE43C25625675B7A001FCB6A /* MultipleTargetMPaasProjectUatInfo.plist in Resources */,
				AE43C24C25675B7A001FCB6A /* MultipleTargetMPaasProjectSitInfo.plist in Resources */,
				E43E7C7621D1077E00D9E31A /* LaunchScreen.storyboard in Resources */,
				AE43C1AC25675501001FCB6A /* MobileRuntime.plist in Resources */,
				E43E7C7321D1077E00D9E31A /* Assets.xcassets in Resources */,
				AE43C25B25675B7A001FCB6A /* MultipleTargetMPaasProjectBrDemandInfo.plist in Resources */,
				A8696B9AA9399EAD3469466D /* meta.config in Resources */,
				66825C8CC77481E3384FE33B /* yw_1222.jpg in Resources */,
				F3E6D5CAE13AF547F644B026 /* Images_mPaaS.xcassets in Resources */,
				AE43C25125675B7A001FCB6A /* MultipleTargetMPaasProjectPressureInfo.plist in Resources */,
			);
			runOnlyForDeploymentPostprocessing = 0;
		};
/* End PBXResourcesBuildPhase section */

/* Begin PBXShellScriptBuildPhase section */
		32646B3AA9C60B6BF15C5625 /* [CP] Check Pods Manifest.lock */ = {
			isa = PBXShellScriptBuildPhase;
			buildActionMask = 2147483647;
			files = (
			);
			inputFileListPaths = (
			);
			inputPaths = (
				"${PODS_PODFILE_DIR_PATH}/Podfile.lock",
				"${PODS_ROOT}/Manifest.lock",
			);
			name = "[CP] Check Pods Manifest.lock";
			outputFileListPaths = (
			);
			outputPaths = (
				"$(DERIVED_FILE_DIR)/Pods-MultipleTargetMPaasProject-checkManifestLockResult.txt",
			);
			runOnlyForDeploymentPostprocessing = 0;
			shellPath = /bin/sh;
			shellScript = "diff \"${PODS_PODFILE_DIR_PATH}/Podfile.lock\" \"${PODS_ROOT}/Manifest.lock\" > /dev/null\nif [ $? != 0 ] ; then\n    # print error to STDERR\n    echo \"error: The sandbox is not in sync with the Podfile.lock. Run 'pod install' or update your CocoaPods installation.\" >&2\n    exit 1\nfi\n# This output is used by Xcode 'outputs' to avoid re-running this script phase.\necho \"SUCCESS\" > \"${SCRIPT_OUTPUT_FILE_0}\"\n";
			showEnvVarsInLog = 0;
		};
		9AE1B56AF0C59AAAF7C1736D /* [CP] Copy Pods Resources */ = {
			isa = PBXShellScriptBuildPhase;
			buildActionMask = 2147483647;
			files = (
			);
			inputPaths = (
				"${PODS_ROOT}/Target Support Files/Pods-MultipleTargetMPaasProject/Pods-MultipleTargetMPaasProject-resources.sh",
				"${PODS_ROOT}/APMobileFramework/APMobileFramework.framework/APMobileFramework.bundle",
				"${PODS_ROOT}/APMobileNetwork/APMobileNetwork.framework/APMobileNetwork.bundle",
				"${PODS_ROOT}/APRemoteLogging/APRemoteLogging.framework/APRemoteLogging.bundle",
			);
			name = "[CP] Copy Pods Resources";
			outputPaths = (
				"${TARGET_BUILD_DIR}/${UNLOCALIZED_RESOURCES_FOLDER_PATH}/APMobileFramework.bundle",
				"${TARGET_BUILD_DIR}/${UNLOCALIZED_RESOURCES_FOLDER_PATH}/APMobileNetwork.bundle",
				"${TARGET_BUILD_DIR}/${UNLOCALIZED_RESOURCES_FOLDER_PATH}/APRemoteLogging.bundle",
			);
			runOnlyForDeploymentPostprocessing = 0;
			shellPath = /bin/sh;
			shellScript = "\"${PODS_ROOT}/Target Support Files/Pods-MultipleTargetMPaasProject/Pods-MultipleTargetMPaasProject-resources.sh\"\n";
			showEnvVarsInLog = 0;
		};
		AE43C1B425675878001FCB6A /* [CP] Check Pods Manifest.lock */ = {
			isa = PBXShellScriptBuildPhase;
			buildActionMask = 2147483647;
			files = (
			);
			inputFileListPaths = (
			);
			inputPaths = (
				"${PODS_PODFILE_DIR_PATH}/Podfile.lock",
				"${PODS_ROOT}/Manifest.lock",
			);
			name = "[CP] Check Pods Manifest.lock";
			outputFileListPaths = (
			);
			outputPaths = (
				"$(DERIVED_FILE_DIR)/Pods-MultipleTargetMPaasProject-checkManifestLockResult.txt",
			);
			runOnlyForDeploymentPostprocessing = 0;
			shellPath = /bin/sh;
			shellScript = "diff \"${PODS_PODFILE_DIR_PATH}/Podfile.lock\" \"${PODS_ROOT}/Manifest.lock\" > /dev/null\nif [ $? != 0 ] ; then\n    # print error to STDERR\n    echo \"error: The sandbox is not in sync with the Podfile.lock. Run 'pod install' or update your CocoaPods installation.\" >&2\n    exit 1\nfi\n# This output is used by Xcode 'outputs' to avoid re-running this script phase.\necho \"SUCCESS\" > \"${SCRIPT_OUTPUT_FILE_0}\"\n";
			showEnvVarsInLog = 0;
		};
		AE43C1CB25675878001FCB6A /* [CP] Copy Pods Resources */ = {
			isa = PBXShellScriptBuildPhase;
			buildActionMask = 2147483647;
			files = (
			);
			inputPaths = (
				"${PODS_ROOT}/Target Support Files/Pods-MultipleTargetMPaasProject/Pods-MultipleTargetMPaasProject-resources.sh",
				"${PODS_ROOT}/APMobileFramework/APMobileFramework.framework/APMobileFramework.bundle",
				"${PODS_ROOT}/APMobileNetwork/APMobileNetwork.framework/APMobileNetwork.bundle",
				"${PODS_ROOT}/APRemoteLogging/APRemoteLogging.framework/APRemoteLogging.bundle",
			);
			name = "[CP] Copy Pods Resources";
			outputPaths = (
				"${TARGET_BUILD_DIR}/${UNLOCALIZED_RESOURCES_FOLDER_PATH}/APMobileFramework.bundle",
				"${TARGET_BUILD_DIR}/${UNLOCALIZED_RESOURCES_FOLDER_PATH}/APMobileNetwork.bundle",
				"${TARGET_BUILD_DIR}/${UNLOCALIZED_RESOURCES_FOLDER_PATH}/APRemoteLogging.bundle",
			);
			runOnlyForDeploymentPostprocessing = 0;
			shellPath = /bin/sh;
			shellScript = "\"${PODS_ROOT}/Target Support Files/Pods-MultipleTargetMPaasProject/Pods-MultipleTargetMPaasProject-resources.sh\"\n";
			showEnvVarsInLog = 0;
		};
		AE43C1D425675885001FCB6A /* [CP] Check Pods Manifest.lock */ = {
			isa = PBXShellScriptBuildPhase;
			buildActionMask = 2147483647;
			files = (
			);
			inputFileListPaths = (
			);
			inputPaths = (
				"${PODS_PODFILE_DIR_PATH}/Podfile.lock",
				"${PODS_ROOT}/Manifest.lock",
			);
			name = "[CP] Check Pods Manifest.lock";
			outputFileListPaths = (
			);
			outputPaths = (
				"$(DERIVED_FILE_DIR)/Pods-MultipleTargetMPaasProject-checkManifestLockResult.txt",
			);
			runOnlyForDeploymentPostprocessing = 0;
			shellPath = /bin/sh;
			shellScript = "diff \"${PODS_PODFILE_DIR_PATH}/Podfile.lock\" \"${PODS_ROOT}/Manifest.lock\" > /dev/null\nif [ $? != 0 ] ; then\n    # print error to STDERR\n    echo \"error: The sandbox is not in sync with the Podfile.lock. Run 'pod install' or update your CocoaPods installation.\" >&2\n    exit 1\nfi\n# This output is used by Xcode 'outputs' to avoid re-running this script phase.\necho \"SUCCESS\" > \"${SCRIPT_OUTPUT_FILE_0}\"\n";
			showEnvVarsInLog = 0;
		};
		AE43C1EB25675885001FCB6A /* [CP] Copy Pods Resources */ = {
			isa = PBXShellScriptBuildPhase;
			buildActionMask = 2147483647;
			files = (
			);
			inputPaths = (
				"${PODS_ROOT}/Target Support Files/Pods-MultipleTargetMPaasProject/Pods-MultipleTargetMPaasProject-resources.sh",
				"${PODS_ROOT}/APMobileFramework/APMobileFramework.framework/APMobileFramework.bundle",
				"${PODS_ROOT}/APMobileNetwork/APMobileNetwork.framework/APMobileNetwork.bundle",
				"${PODS_ROOT}/APRemoteLogging/APRemoteLogging.framework/APRemoteLogging.bundle",
			);
			name = "[CP] Copy Pods Resources";
			outputPaths = (
				"${TARGET_BUILD_DIR}/${UNLOCALIZED_RESOURCES_FOLDER_PATH}/APMobileFramework.bundle",
				"${TARGET_BUILD_DIR}/${UNLOCALIZED_RESOURCES_FOLDER_PATH}/APMobileNetwork.bundle",
				"${TARGET_BUILD_DIR}/${UNLOCALIZED_RESOURCES_FOLDER_PATH}/APRemoteLogging.bundle",
			);
			runOnlyForDeploymentPostprocessing = 0;
			shellPath = /bin/sh;
			shellScript = "\"${PODS_ROOT}/Target Support Files/Pods-MultipleTargetMPaasProject/Pods-MultipleTargetMPaasProject-resources.sh\"\n";
			showEnvVarsInLog = 0;
		};
		AE43C1F52567588E001FCB6A /* [CP] Check Pods Manifest.lock */ = {
			isa = PBXShellScriptBuildPhase;
			buildActionMask = 2147483647;
			files = (
			);
			inputFileListPaths = (
			);
			inputPaths = (
				"${PODS_PODFILE_DIR_PATH}/Podfile.lock",
				"${PODS_ROOT}/Manifest.lock",
			);
			name = "[CP] Check Pods Manifest.lock";
			outputFileListPaths = (
			);
			outputPaths = (
				"$(DERIVED_FILE_DIR)/Pods-MultipleTargetMPaasProject-checkManifestLockResult.txt",
			);
			runOnlyForDeploymentPostprocessing = 0;
			shellPath = /bin/sh;
			shellScript = "diff \"${PODS_PODFILE_DIR_PATH}/Podfile.lock\" \"${PODS_ROOT}/Manifest.lock\" > /dev/null\nif [ $? != 0 ] ; then\n    # print error to STDERR\n    echo \"error: The sandbox is not in sync with the Podfile.lock. Run 'pod install' or update your CocoaPods installation.\" >&2\n    exit 1\nfi\n# This output is used by Xcode 'outputs' to avoid re-running this script phase.\necho \"SUCCESS\" > \"${SCRIPT_OUTPUT_FILE_0}\"\n";
			showEnvVarsInLog = 0;
		};
		AE43C20C2567588E001FCB6A /* [CP] Copy Pods Resources */ = {
			isa = PBXShellScriptBuildPhase;
			buildActionMask = 2147483647;
			files = (
			);
			inputPaths = (
				"${PODS_ROOT}/Target Support Files/Pods-MultipleTargetMPaasProject/Pods-MultipleTargetMPaasProject-resources.sh",
				"${PODS_ROOT}/APMobileFramework/APMobileFramework.framework/APMobileFramework.bundle",
				"${PODS_ROOT}/APMobileNetwork/APMobileNetwork.framework/APMobileNetwork.bundle",
				"${PODS_ROOT}/APRemoteLogging/APRemoteLogging.framework/APRemoteLogging.bundle",
			);
			name = "[CP] Copy Pods Resources";
			outputPaths = (
				"${TARGET_BUILD_DIR}/${UNLOCALIZED_RESOURCES_FOLDER_PATH}/APMobileFramework.bundle",
				"${TARGET_BUILD_DIR}/${UNLOCALIZED_RESOURCES_FOLDER_PATH}/APMobileNetwork.bundle",
				"${TARGET_BUILD_DIR}/${UNLOCALIZED_RESOURCES_FOLDER_PATH}/APRemoteLogging.bundle",
			);
			runOnlyForDeploymentPostprocessing = 0;
			shellPath = /bin/sh;
			shellScript = "\"${PODS_ROOT}/Target Support Files/Pods-MultipleTargetMPaasProject/Pods-MultipleTargetMPaasProject-resources.sh\"\n";
			showEnvVarsInLog = 0;
		};
		AE43C217256758C1001FCB6A /* [CP] Check Pods Manifest.lock */ = {
			isa = PBXShellScriptBuildPhase;
			buildActionMask = 2147483647;
			files = (
			);
			inputFileListPaths = (
			);
			inputPaths = (
				"${PODS_PODFILE_DIR_PATH}/Podfile.lock",
				"${PODS_ROOT}/Manifest.lock",
			);
			name = "[CP] Check Pods Manifest.lock";
			outputFileListPaths = (
			);
			outputPaths = (
				"$(DERIVED_FILE_DIR)/Pods-MultipleTargetMPaasProject-checkManifestLockResult.txt",
			);
			runOnlyForDeploymentPostprocessing = 0;
			shellPath = /bin/sh;
			shellScript = "diff \"${PODS_PODFILE_DIR_PATH}/Podfile.lock\" \"${PODS_ROOT}/Manifest.lock\" > /dev/null\nif [ $? != 0 ] ; then\n    # print error to STDERR\n    echo \"error: The sandbox is not in sync with the Podfile.lock. Run 'pod install' or update your CocoaPods installation.\" >&2\n    exit 1\nfi\n# This output is used by Xcode 'outputs' to avoid re-running this script phase.\necho \"SUCCESS\" > \"${SCRIPT_OUTPUT_FILE_0}\"\n";
			showEnvVarsInLog = 0;
		};
		AE43C22E256758C1001FCB6A /* [CP] Copy Pods Resources */ = {
			isa = PBXShellScriptBuildPhase;
			buildActionMask = 2147483647;
			files = (
			);
			inputPaths = (
				"${PODS_ROOT}/Target Support Files/Pods-MultipleTargetMPaasProject/Pods-MultipleTargetMPaasProject-resources.sh",
				"${PODS_ROOT}/APMobileFramework/APMobileFramework.framework/APMobileFramework.bundle",
				"${PODS_ROOT}/APMobileNetwork/APMobileNetwork.framework/APMobileNetwork.bundle",
				"${PODS_ROOT}/APRemoteLogging/APRemoteLogging.framework/APRemoteLogging.bundle",
			);
			name = "[CP] Copy Pods Resources";
			outputPaths = (
				"${TARGET_BUILD_DIR}/${UNLOCALIZED_RESOURCES_FOLDER_PATH}/APMobileFramework.bundle",
				"${TARGET_BUILD_DIR}/${UNLOCALIZED_RESOURCES_FOLDER_PATH}/APMobileNetwork.bundle",
				"${TARGET_BUILD_DIR}/${UNLOCALIZED_RESOURCES_FOLDER_PATH}/APRemoteLogging.bundle",
			);
			runOnlyForDeploymentPostprocessing = 0;
			shellPath = /bin/sh;
			shellScript = "\"${PODS_ROOT}/Target Support Files/Pods-MultipleTargetMPaasProject/Pods-MultipleTargetMPaasProject-resources.sh\"\n";
			showEnvVarsInLog = 0;
		};
/* End PBXShellScriptBuildPhase section */

/* Begin PBXSourcesBuildPhase section */
		AE43C1B525675878001FCB6A /* Sources */ = {
			isa = PBXSourcesBuildPhase;
			buildActionMask = 2147483647;
			files = (
				AE43C1B625675878001FCB6A /* main.m in Sources */,
				AE43C1B725675878001FCB6A /* MPViewController.m in Sources */,
				AE43C1B825675878001FCB6A /* DTFrameworkInterface+MultipleTargetMPaasProject.m in Sources */,
				AE43C1B925675878001FCB6A /* MPaaSInterface+MultipleTargetMPaasProject.m in Sources */,
				AE43C1BA25675878001FCB6A /* MPLauncherAppDelegate.m in Sources */,
				AE43C1BB25675878001FCB6A /* MPTabBarController.m in Sources */,
			);
			runOnlyForDeploymentPostprocessing = 0;
		};
		AE43C1D525675885001FCB6A /* Sources */ = {
			isa = PBXSourcesBuildPhase;
			buildActionMask = 2147483647;
			files = (
				AE43C1D625675885001FCB6A /* main.m in Sources */,
				AE43C1D725675885001FCB6A /* MPViewController.m in Sources */,
				AE43C1D825675885001FCB6A /* DTFrameworkInterface+MultipleTargetMPaasProject.m in Sources */,
				AE43C1D925675885001FCB6A /* MPaaSInterface+MultipleTargetMPaasProject.m in Sources */,
				AE43C1DA25675885001FCB6A /* MPLauncherAppDelegate.m in Sources */,
				AE43C1DB25675885001FCB6A /* MPTabBarController.m in Sources */,
			);
			runOnlyForDeploymentPostprocessing = 0;
		};
		AE43C1F62567588E001FCB6A /* Sources */ = {
			isa = PBXSourcesBuildPhase;
			buildActionMask = 2147483647;
			files = (
				AE43C1F72567588E001FCB6A /* main.m in Sources */,
				AE43C1F82567588E001FCB6A /* MPViewController.m in Sources */,
				AE43C1F92567588E001FCB6A /* DTFrameworkInterface+MultipleTargetMPaasProject.m in Sources */,
				AE43C1FA2567588E001FCB6A /* MPaaSInterface+MultipleTargetMPaasProject.m in Sources */,
				AE43C1FB2567588E001FCB6A /* MPLauncherAppDelegate.m in Sources */,
				AE43C1FC2567588E001FCB6A /* MPTabBarController.m in Sources */,
			);
			runOnlyForDeploymentPostprocessing = 0;
		};
		AE43C218256758C1001FCB6A /* Sources */ = {
			isa = PBXSourcesBuildPhase;
			buildActionMask = 2147483647;
			files = (
				AE43C219256758C1001FCB6A /* main.m in Sources */,
				AE43C21A256758C1001FCB6A /* MPViewController.m in Sources */,
				AE43C21B256758C1001FCB6A /* DTFrameworkInterface+MultipleTargetMPaasProject.m in Sources */,
				AE43C21C256758C1001FCB6A /* MPaaSInterface+MultipleTargetMPaasProject.m in Sources */,
				AE43C21D256758C1001FCB6A /* MPLauncherAppDelegate.m in Sources */,
				AE43C21E256758C1001FCB6A /* MPTabBarController.m in Sources */,
			);
			runOnlyForDeploymentPostprocessing = 0;
		};
		E43E7C6221D1077E00D9E31A /* Sources */ = {
			isa = PBXSourcesBuildPhase;
			buildActionMask = 2147483647;
			files = (
				E43E7C7921D1077E00D9E31A /* main.m in Sources */,
				CF2C3FAF9C2C1B2D5E8FBAE6 /* MPViewController.m in Sources */,
				0F97F3411D5FD17C7D6963DB /* DTFrameworkInterface+MultipleTargetMPaasProject.m in Sources */,
				FCA68DE8C10EAB81F2DF50B7 /* MPaaSInterface+MultipleTargetMPaasProject.m in Sources */,
				AE43C1AB25675501001FCB6A /* MPLauncherAppDelegate.m in Sources */,
				EC30570023FEF72D354BE906 /* MPTabBarController.m in Sources */,
			);
			runOnlyForDeploymentPostprocessing = 0;
		};
/* End PBXSourcesBuildPhase section */

/* Begin PBXVariantGroup section */
		E43E7C7421D1077E00D9E31A /* LaunchScreen.storyboard */ = {
			isa = PBXVariantGroup;
			children = (
				E43E7C7521D1077E00D9E31A /* Base */,
			);
			name = LaunchScreen.storyboard;
			sourceTree = "<group>";
		};
/* End PBXVariantGroup section */

/* Begin XCBuildConfiguration section */
		AE43C1CD25675878001FCB6A /* Debug */ = {
			isa = XCBuildConfiguration;
			baseConfigurationReference = 51AB2DA7FD2F8790E172710D /* Pods-MultipleTargetMPaasProject.debug.xcconfig */;
			buildSettings = {
				ASSETCATALOG_COMPILER_APPICON_NAME = AppIcon;
				CODE_SIGN_ENTITLEMENTS = MultipleTargetMPaasProject/MultipleTargetMPaasProject.entitlements;
				CODE_SIGN_IDENTITY = "iPhone Developer";
				CODE_SIGN_STYLE = Manual;
				DEVELOPMENT_TEAM = 4PC35VMZBF;
				ENABLE_BITCODE = NO;
				FRAMEWORK_SEARCH_PATHS = (
					"$(inherited)",
					"/Users/Shared/.mpaaskit_sdk/repo/frameworks/APLog/3.0.2.200619152113/**",
					"/Users/Shared/.mpaaskit_sdk/repo/frameworks/APMobileFramework/1.0.0.201019140541/**",
					"/Users/Shared/.mpaaskit_sdk/repo/frameworks/mPaas/1.0.0.201103172349/**",
					"/Users/Shared/.mpaaskit_sdk/repo/frameworks/APRemoteLogging/1.0.0.201104102245/**",
					"/Users/Shared/.mpaaskit_sdk/repo/frameworks/UTDID/1.0.2.190226130141/**",
					"/Users/Shared/.mpaaskit_sdk/repo/frameworks/APProtocolBuffers/1.0.1.200228175209/**",
				);
				GCC_PRECOMPILE_PREFIX_HEADER = YES;
				GCC_PREFIX_HEADER = "MultipleTargetMPaasProject/MultipleTargetMPaasProject-Prefix.pch";
				GCC_PREPROCESSOR_DEFINITIONS = (
					"$(inherited)",
					"COCOAPODS=1",
					"ProjEnvState=1",
				);
				INFOPLIST_FILE = "$(SRCROOT)/MultipleTargetMPaasProject/MultipleTargetMPaasProjectSitInfo.plist";
				LD_RUNPATH_SEARCH_PATHS = "$(inherited) @executable_path/Frameworks";
				OTHER_LDFLAGS = (
					"$(inherited)",
					"-ObjC",
					"-lz",
					"-lsqlite3",
					"-lxml2",
					"-lc++",
					"-lbz2",
				);
				PRODUCT_BUNDLE_IDENTIFIER = com.gdrcu.mebank4test;
				PRODUCT_NAME = "$(TARGET_NAME)";
				PROVISIONING_PROFILE_SPECIFIER = mebank4testDevelopment;
				TARGETED_DEVICE_FAMILY = 1;
				WARNING_CFLAGS = "-Wno-objc-protocol-method-implementation";
			};
			name = Debug;
		};
		AE43C1CE25675878001FCB6A /* Release */ = {
			isa = XCBuildConfiguration;
			baseConfigurationReference = 18394317FB101A425D9EB8C4 /* Pods-MultipleTargetMPaasProject.release.xcconfig */;
			buildSettings = {
				ASSETCATALOG_COMPILER_APPICON_NAME = AppIcon;
				CODE_SIGN_ENTITLEMENTS = MultipleTargetMPaasProject/MultipleTargetMPaasProject.entitlements;
				CODE_SIGN_IDENTITY = "iPhone Distribution";
				CODE_SIGN_STYLE = Manual;
				DEVELOPMENT_TEAM = 4PC35VMZBF;
				ENABLE_BITCODE = NO;
				FRAMEWORK_SEARCH_PATHS = (
					"$(inherited)",
					"/Users/Shared/.mpaaskit_sdk/repo/frameworks/APLog/3.0.2.200619152113/**",
					"/Users/Shared/.mpaaskit_sdk/repo/frameworks/APMobileFramework/1.0.0.201019140541/**",
					"/Users/Shared/.mpaaskit_sdk/repo/frameworks/mPaas/1.0.0.201103172349/**",
					"/Users/Shared/.mpaaskit_sdk/repo/frameworks/APRemoteLogging/1.0.0.201104102245/**",
					"/Users/Shared/.mpaaskit_sdk/repo/frameworks/UTDID/1.0.2.190226130141/**",
					"/Users/Shared/.mpaaskit_sdk/repo/frameworks/APProtocolBuffers/1.0.1.200228175209/**",
				);
				GCC_PRECOMPILE_PREFIX_HEADER = YES;
				GCC_PREFIX_HEADER = "MultipleTargetMPaasProject/MultipleTargetMPaasProject-Prefix.pch";
				GCC_PREPROCESSOR_DEFINITIONS = (
					"$(inherited)",
					"COCOAPODS=1",
					"ProjEnvState=1",
				);
				INFOPLIST_FILE = "$(SRCROOT)/MultipleTargetMPaasProject/MultipleTargetMPaasProjectSitInfo.plist";
				LD_RUNPATH_SEARCH_PATHS = "$(inherited) @executable_path/Frameworks";
				OTHER_LDFLAGS = (
					"$(inherited)",
					"-ObjC",
					"-lz",
					"-lsqlite3",
					"-lxml2",
					"-lc++",
					"-lbz2",
				);
				PRODUCT_BUNDLE_IDENTIFIER = com.gdrcu.mebank4test;
				PRODUCT_NAME = "$(TARGET_NAME)";
				PROVISIONING_PROFILE_SPECIFIER = mebank4testDistribution;
				TARGETED_DEVICE_FAMILY = 1;
				WARNING_CFLAGS = "-Wno-objc-protocol-method-implementation";
			};
			name = Release;
		};
		AE43C1ED25675885001FCB6A /* Debug */ = {
			isa = XCBuildConfiguration;
			baseConfigurationReference = 51AB2DA7FD2F8790E172710D /* Pods-MultipleTargetMPaasProject.debug.xcconfig */;
			buildSettings = {
				ASSETCATALOG_COMPILER_APPICON_NAME = AppIcon;
				CODE_SIGN_ENTITLEMENTS = MultipleTargetMPaasProject/MultipleTargetMPaasProject.entitlements;
				CODE_SIGN_IDENTITY = "iPhone Developer";
				CODE_SIGN_STYLE = Manual;
				DEVELOPMENT_TEAM = 4PC35VMZBF;
				ENABLE_BITCODE = NO;
				FRAMEWORK_SEARCH_PATHS = (
					"$(inherited)",
					"/Users/Shared/.mpaaskit_sdk/repo/frameworks/APLog/3.0.2.200619152113/**",
					"/Users/Shared/.mpaaskit_sdk/repo/frameworks/APMobileFramework/1.0.0.201019140541/**",
					"/Users/Shared/.mpaaskit_sdk/repo/frameworks/mPaas/1.0.0.201103172349/**",
					"/Users/Shared/.mpaaskit_sdk/repo/frameworks/APRemoteLogging/1.0.0.201104102245/**",
					"/Users/Shared/.mpaaskit_sdk/repo/frameworks/UTDID/1.0.2.190226130141/**",
					"/Users/Shared/.mpaaskit_sdk/repo/frameworks/APProtocolBuffers/1.0.1.200228175209/**",
				);
				GCC_PRECOMPILE_PREFIX_HEADER = YES;
				GCC_PREFIX_HEADER = "MultipleTargetMPaasProject/MultipleTargetMPaasProject-Prefix.pch";
				GCC_PREPROCESSOR_DEFINITIONS = (
					"$(inherited)",
					"COCOAPODS=1",
					"ProjEnvState=2",
				);
				INFOPLIST_FILE = "$(SRCROOT)/MultipleTargetMPaasProject/MultipleTargetMPaasProjectUatInfo.plist";
				LD_RUNPATH_SEARCH_PATHS = "$(inherited) @executable_path/Frameworks";
				OTHER_LDFLAGS = (
					"$(inherited)",
					"-ObjC",
					"-lz",
					"-lsqlite3",
					"-lxml2",
					"-lc++",
					"-lbz2",
				);
				PRODUCT_BUNDLE_IDENTIFIER = com.gdrcu.mebank4test;
				PRODUCT_NAME = "$(TARGET_NAME)";
				PROVISIONING_PROFILE_SPECIFIER = mebank4testDevelopment;
				TARGETED_DEVICE_FAMILY = 1;
				WARNING_CFLAGS = "-Wno-objc-protocol-method-implementation";
			};
			name = Debug;
		};
		AE43C1EE25675885001FCB6A /* Release */ = {
			isa = XCBuildConfiguration;
			baseConfigurationReference = 18394317FB101A425D9EB8C4 /* Pods-MultipleTargetMPaasProject.release.xcconfig */;
			buildSettings = {
				ASSETCATALOG_COMPILER_APPICON_NAME = AppIcon;
				CODE_SIGN_ENTITLEMENTS = MultipleTargetMPaasProject/MultipleTargetMPaasProject.entitlements;
				CODE_SIGN_IDENTITY = "iPhone Distribution";
				CODE_SIGN_STYLE = Manual;
				DEVELOPMENT_TEAM = 4PC35VMZBF;
				ENABLE_BITCODE = NO;
				FRAMEWORK_SEARCH_PATHS = (
					"$(inherited)",
					"/Users/Shared/.mpaaskit_sdk/repo/frameworks/APLog/3.0.2.200619152113/**",
					"/Users/Shared/.mpaaskit_sdk/repo/frameworks/APMobileFramework/1.0.0.201019140541/**",
					"/Users/Shared/.mpaaskit_sdk/repo/frameworks/mPaas/1.0.0.201103172349/**",
					"/Users/Shared/.mpaaskit_sdk/repo/frameworks/APRemoteLogging/1.0.0.201104102245/**",
					"/Users/Shared/.mpaaskit_sdk/repo/frameworks/UTDID/1.0.2.190226130141/**",
					"/Users/Shared/.mpaaskit_sdk/repo/frameworks/APProtocolBuffers/1.0.1.200228175209/**",
				);
				GCC_PRECOMPILE_PREFIX_HEADER = YES;
				GCC_PREFIX_HEADER = "MultipleTargetMPaasProject/MultipleTargetMPaasProject-Prefix.pch";
				GCC_PREPROCESSOR_DEFINITIONS = (
					"$(inherited)",
					"COCOAPODS=1",
					"ProjEnvState=2",
				);
				INFOPLIST_FILE = "$(SRCROOT)/MultipleTargetMPaasProject/MultipleTargetMPaasProjectUatInfo.plist";
				LD_RUNPATH_SEARCH_PATHS = "$(inherited) @executable_path/Frameworks";
				OTHER_LDFLAGS = (
					"$(inherited)",
					"-ObjC",
					"-lz",
					"-lsqlite3",
					"-lxml2",
					"-lc++",
					"-lbz2",
				);
				PRODUCT_BUNDLE_IDENTIFIER = com.gdrcu.mebank4test;
				PRODUCT_NAME = "$(TARGET_NAME)";
				PROVISIONING_PROFILE_SPECIFIER = mebank4testDistribution;
				TARGETED_DEVICE_FAMILY = 1;
				WARNING_CFLAGS = "-Wno-objc-protocol-method-implementation";
			};
			name = Release;
		};
		AE43C20E2567588E001FCB6A /* Debug */ = {
			isa = XCBuildConfiguration;
			baseConfigurationReference = 51AB2DA7FD2F8790E172710D /* Pods-MultipleTargetMPaasProject.debug.xcconfig */;
			buildSettings = {
				ASSETCATALOG_COMPILER_APPICON_NAME = AppIcon;
				CODE_SIGN_ENTITLEMENTS = MultipleTargetMPaasProject/MultipleTargetMPaasProject.entitlements;
				CODE_SIGN_IDENTITY = "iPhone Developer";
				CODE_SIGN_STYLE = Manual;
				DEVELOPMENT_TEAM = 4PC35VMZBF;
				ENABLE_BITCODE = NO;
				FRAMEWORK_SEARCH_PATHS = (
					"$(inherited)",
					"/Users/Shared/.mpaaskit_sdk/repo/frameworks/APLog/3.0.2.200619152113/**",
					"/Users/Shared/.mpaaskit_sdk/repo/frameworks/APMobileFramework/1.0.0.201019140541/**",
					"/Users/Shared/.mpaaskit_sdk/repo/frameworks/mPaas/1.0.0.201103172349/**",
					"/Users/Shared/.mpaaskit_sdk/repo/frameworks/APRemoteLogging/1.0.0.201104102245/**",
					"/Users/Shared/.mpaaskit_sdk/repo/frameworks/UTDID/1.0.2.190226130141/**",
					"/Users/Shared/.mpaaskit_sdk/repo/frameworks/APProtocolBuffers/1.0.1.200228175209/**",
				);
				GCC_PRECOMPILE_PREFIX_HEADER = YES;
				GCC_PREFIX_HEADER = "MultipleTargetMPaasProject/MultipleTargetMPaasProject-Prefix.pch";
				GCC_PREPROCESSOR_DEFINITIONS = (
					"$(inherited)",
					"COCOAPODS=1",
					"ProjEnvState=3",
				);
				INFOPLIST_FILE = "$(SRCROOT)/MultipleTargetMPaasProject/MultipleTargetMPaasProjectPressureInfo.plist";
				LD_RUNPATH_SEARCH_PATHS = "$(inherited) @executable_path/Frameworks";
				OTHER_LDFLAGS = (
					"$(inherited)",
					"-ObjC",
					"-lz",
					"-lsqlite3",
					"-lxml2",
					"-lc++",
					"-lbz2",
				);
				PRODUCT_BUNDLE_IDENTIFIER = com.gdrcu.mebank4test;
				PRODUCT_NAME = "$(TARGET_NAME)";
				PROVISIONING_PROFILE_SPECIFIER = mebank4testDevelopment;
				TARGETED_DEVICE_FAMILY = 1;
				WARNING_CFLAGS = "-Wno-objc-protocol-method-implementation";
			};
			name = Debug;
		};
		AE43C20F2567588E001FCB6A /* Release */ = {
			isa = XCBuildConfiguration;
			baseConfigurationReference = 18394317FB101A425D9EB8C4 /* Pods-MultipleTargetMPaasProject.release.xcconfig */;
			buildSettings = {
				ASSETCATALOG_COMPILER_APPICON_NAME = AppIcon;
				CODE_SIGN_ENTITLEMENTS = MultipleTargetMPaasProject/MultipleTargetMPaasProject.entitlements;
				CODE_SIGN_IDENTITY = "iPhone Distribution";
				CODE_SIGN_STYLE = Manual;
				DEVELOPMENT_TEAM = 4PC35VMZBF;
				ENABLE_BITCODE = NO;
				FRAMEWORK_SEARCH_PATHS = (
					"$(inherited)",
					"/Users/Shared/.mpaaskit_sdk/repo/frameworks/APLog/3.0.2.200619152113/**",
					"/Users/Shared/.mpaaskit_sdk/repo/frameworks/APMobileFramework/1.0.0.201019140541/**",
					"/Users/Shared/.mpaaskit_sdk/repo/frameworks/mPaas/1.0.0.201103172349/**",
					"/Users/Shared/.mpaaskit_sdk/repo/frameworks/APRemoteLogging/1.0.0.201104102245/**",
					"/Users/Shared/.mpaaskit_sdk/repo/frameworks/UTDID/1.0.2.190226130141/**",
					"/Users/Shared/.mpaaskit_sdk/repo/frameworks/APProtocolBuffers/1.0.1.200228175209/**",
				);
				GCC_PRECOMPILE_PREFIX_HEADER = YES;
				GCC_PREFIX_HEADER = "MultipleTargetMPaasProject/MultipleTargetMPaasProject-Prefix.pch";
				GCC_PREPROCESSOR_DEFINITIONS = (
					"$(inherited)",
					"COCOAPODS=1",
					"ProjEnvState=3",
				);
				INFOPLIST_FILE = "$(SRCROOT)/MultipleTargetMPaasProject/MultipleTargetMPaasProjectPressureInfo.plist";
				LD_RUNPATH_SEARCH_PATHS = "$(inherited) @executable_path/Frameworks";
				OTHER_LDFLAGS = (
					"$(inherited)",
					"-ObjC",
					"-lz",
					"-lsqlite3",
					"-lxml2",
					"-lc++",
					"-lbz2",
				);
				PRODUCT_BUNDLE_IDENTIFIER = com.gdrcu.mebank4test;
				PRODUCT_NAME = "$(TARGET_NAME)";
				PROVISIONING_PROFILE_SPECIFIER = mebank4testDistribution;
				TARGETED_DEVICE_FAMILY = 1;
				WARNING_CFLAGS = "-Wno-objc-protocol-method-implementation";
			};
			name = Release;
		};
		AE43C230256758C1001FCB6A /* Debug */ = {
			isa = XCBuildConfiguration;
			baseConfigurationReference = 51AB2DA7FD2F8790E172710D /* Pods-MultipleTargetMPaasProject.debug.xcconfig */;
			buildSettings = {
				ASSETCATALOG_COMPILER_APPICON_NAME = AppIcon;
				CODE_SIGN_ENTITLEMENTS = MultipleTargetMPaasProject/MultipleTargetMPaasProject.entitlements;
				CODE_SIGN_IDENTITY = "iPhone Developer";
				CODE_SIGN_STYLE = Manual;
				DEVELOPMENT_TEAM = 4PC35VMZBF;
				ENABLE_BITCODE = NO;
				FRAMEWORK_SEARCH_PATHS = (
					"$(inherited)",
					"/Users/Shared/.mpaaskit_sdk/repo/frameworks/APLog/3.0.2.200619152113/**",
					"/Users/Shared/.mpaaskit_sdk/repo/frameworks/APMobileFramework/1.0.0.201019140541/**",
					"/Users/Shared/.mpaaskit_sdk/repo/frameworks/mPaas/1.0.0.201103172349/**",
					"/Users/Shared/.mpaaskit_sdk/repo/frameworks/APRemoteLogging/1.0.0.201104102245/**",
					"/Users/Shared/.mpaaskit_sdk/repo/frameworks/UTDID/1.0.2.190226130141/**",
					"/Users/Shared/.mpaaskit_sdk/repo/frameworks/APProtocolBuffers/1.0.1.200228175209/**",
				);
				GCC_PRECOMPILE_PREFIX_HEADER = YES;
				GCC_PREFIX_HEADER = "MultipleTargetMPaasProject/MultipleTargetMPaasProject-Prefix.pch";
				GCC_PREPROCESSOR_DEFINITIONS = (
					"$(inherited)",
					"COCOAPODS=1",
					"ProjEnvState=4",
				);
				INFOPLIST_FILE = "$(SRCROOT)/MultipleTargetMPaasProject/MultipleTargetMPaasProjectBrDemandInfo.plist";
				LD_RUNPATH_SEARCH_PATHS = "$(inherited) @executable_path/Frameworks";
				OTHER_LDFLAGS = (
					"$(inherited)",
					"-ObjC",
					"-lz",
					"-lsqlite3",
					"-lxml2",
					"-lc++",
					"-lbz2",
				);
				PRODUCT_BUNDLE_IDENTIFIER = com.gdrcu.mebank4test;
				PRODUCT_NAME = "$(TARGET_NAME)";
				PROVISIONING_PROFILE_SPECIFIER = mebank4testDevelopment;
				TARGETED_DEVICE_FAMILY = 1;
				WARNING_CFLAGS = "-Wno-objc-protocol-method-implementation";
			};
			name = Debug;
		};
		AE43C231256758C1001FCB6A /* Release */ = {
			isa = XCBuildConfiguration;
			baseConfigurationReference = 18394317FB101A425D9EB8C4 /* Pods-MultipleTargetMPaasProject.release.xcconfig */;
			buildSettings = {
				ASSETCATALOG_COMPILER_APPICON_NAME = AppIcon;
				CODE_SIGN_ENTITLEMENTS = MultipleTargetMPaasProject/MultipleTargetMPaasProject.entitlements;
				CODE_SIGN_IDENTITY = "iPhone Distribution";
				CODE_SIGN_STYLE = Manual;
				DEVELOPMENT_TEAM = 4PC35VMZBF;
				ENABLE_BITCODE = NO;
				FRAMEWORK_SEARCH_PATHS = (
					"$(inherited)",
					"/Users/Shared/.mpaaskit_sdk/repo/frameworks/APLog/3.0.2.200619152113/**",
					"/Users/Shared/.mpaaskit_sdk/repo/frameworks/APMobileFramework/1.0.0.201019140541/**",
					"/Users/Shared/.mpaaskit_sdk/repo/frameworks/mPaas/1.0.0.201103172349/**",
					"/Users/Shared/.mpaaskit_sdk/repo/frameworks/APRemoteLogging/1.0.0.201104102245/**",
					"/Users/Shared/.mpaaskit_sdk/repo/frameworks/UTDID/1.0.2.190226130141/**",
					"/Users/Shared/.mpaaskit_sdk/repo/frameworks/APProtocolBuffers/1.0.1.200228175209/**",
				);
				GCC_PRECOMPILE_PREFIX_HEADER = YES;
				GCC_PREFIX_HEADER = "MultipleTargetMPaasProject/MultipleTargetMPaasProject-Prefix.pch";
				GCC_PREPROCESSOR_DEFINITIONS = (
					"$(inherited)",
					"COCOAPODS=1",
					"ProjEnvState=4",
				);
				INFOPLIST_FILE = "$(SRCROOT)/MultipleTargetMPaasProject/MultipleTargetMPaasProjectBrDemandInfo.plist";
				LD_RUNPATH_SEARCH_PATHS = "$(inherited) @executable_path/Frameworks";
				OTHER_LDFLAGS = (
					"$(inherited)",
					"-ObjC",
					"-lz",
					"-lsqlite3",
					"-lxml2",
					"-lc++",
					"-lbz2",
				);
				PRODUCT_BUNDLE_IDENTIFIER = com.gdrcu.mebank4test;
				PRODUCT_NAME = "$(TARGET_NAME)";
				PROVISIONING_PROFILE_SPECIFIER = mebank4testDistribution;
				TARGETED_DEVICE_FAMILY = 1;
				WARNING_CFLAGS = "-Wno-objc-protocol-method-implementation";
			};
			name = Release;
		};
		E43E7C7A21D1077E00D9E31A /* Debug */ = {
			isa = XCBuildConfiguration;
			buildSettings = {
				ALWAYS_SEARCH_USER_PATHS = NO;
				CLANG_ANALYZER_NONNULL = YES;
				CLANG_ANALYZER_NUMBER_OBJECT_CONVERSION = YES_AGGRESSIVE;
				CLANG_CXX_LANGUAGE_STANDARD = "gnu++14";
				CLANG_CXX_LIBRARY = "libc++";
				CLANG_ENABLE_MODULES = YES;
				CLANG_ENABLE_OBJC_ARC = YES;
				CLANG_ENABLE_OBJC_WEAK = YES;
				CLANG_WARN_BLOCK_CAPTURE_AUTORELEASING = YES;
				CLANG_WARN_BOOL_CONVERSION = YES;
				CLANG_WARN_COMMA = YES;
				CLANG_WARN_CONSTANT_CONVERSION = YES;
				CLANG_WARN_DEPRECATED_OBJC_IMPLEMENTATIONS = YES;
				CLANG_WARN_DIRECT_OBJC_ISA_USAGE = YES_ERROR;
				CLANG_WARN_DOCUMENTATION_COMMENTS = YES;
				CLANG_WARN_EMPTY_BODY = YES;
				CLANG_WARN_ENUM_CONVERSION = YES;
				CLANG_WARN_INFINITE_RECURSION = YES;
				CLANG_WARN_INT_CONVERSION = YES;
				CLANG_WARN_NON_LITERAL_NULL_CONVERSION = YES;
				CLANG_WARN_OBJC_IMPLICIT_RETAIN_SELF = YES;
				CLANG_WARN_OBJC_LITERAL_CONVERSION = YES;
				CLANG_WARN_OBJC_ROOT_CLASS = YES_ERROR;
				CLANG_WARN_RANGE_LOOP_ANALYSIS = YES;
				CLANG_WARN_STRICT_MultipleTargetMPaasProjectS = YES;
				CLANG_WARN_SUSPICIOUS_MOVE = YES;
				CLANG_WARN_UNGUARDED_AVAILABILITY = YES_AGGRESSIVE;
				CLANG_WARN_UNREACHABLE_CODE = YES;
				CLANG_WARN__DUPLICATE_METHOD_MATCH = YES;
				CODE_SIGN_IDENTITY = "iPhone Developer";
				COPY_PHASE_STRIP = NO;
				DEBUG_INFORMATION_FORMAT = dwarf;
				ENABLE_STRICT_OBJC_MSGSEND = YES;
				ENABLE_TESTABILITY = YES;
				GCC_C_LANGUAGE_STANDARD = gnu11;
				GCC_DYNAMIC_NO_PIC = NO;
				GCC_NO_COMMON_BLOCKS = YES;
				GCC_OPTIMIZATION_LEVEL = 0;
				GCC_PREPROCESSOR_DEFINITIONS = (
					"DEBUG=1",
					"$(inherited)",
				);
				GCC_WARN_64_TO_32_BIT_CONVERSION = YES;
				GCC_WARN_ABOUT_RETURN_TYPE = YES_ERROR;
				GCC_WARN_UNDECLARED_SELECTOR = YES;
				GCC_WARN_UNINITIALIZED_AUTOS = YES_AGGRESSIVE;
				GCC_WARN_UNUSED_FUNCTION = YES;
				GCC_WARN_UNUSED_VARIABLE = YES;
				IPHONEOS_DEPLOYMENT_TARGET = 8.0;
				MTL_ENABLE_DEBUG_INFO = INCLUDE_SOURCE;
				MTL_FAST_MATH = YES;
				ONLY_ACTIVE_ARCH = YES;
				SDKROOT = iphoneos;
			};
			name = Debug;
		};
		E43E7C7B21D1077E00D9E31A /* Release */ = {
			isa = XCBuildConfiguration;
			buildSettings = {
				ALWAYS_SEARCH_USER_PATHS = NO;
				CLANG_ANALYZER_NONNULL = YES;
				CLANG_ANALYZER_NUMBER_OBJECT_CONVERSION = YES_AGGRESSIVE;
				CLANG_CXX_LANGUAGE_STANDARD = "gnu++14";
				CLANG_CXX_LIBRARY = "libc++";
				CLANG_ENABLE_MODULES = YES;
				CLANG_ENABLE_OBJC_ARC = YES;
				CLANG_ENABLE_OBJC_WEAK = YES;
				CLANG_WARN_BLOCK_CAPTURE_AUTORELEASING = YES;
				CLANG_WARN_BOOL_CONVERSION = YES;
				CLANG_WARN_COMMA = YES;
				CLANG_WARN_CONSTANT_CONVERSION = YES;
				CLANG_WARN_DEPRECATED_OBJC_IMPLEMENTATIONS = YES;
				CLANG_WARN_DIRECT_OBJC_ISA_USAGE = YES_ERROR;
				CLANG_WARN_DOCUMENTATION_COMMENTS = YES;
				CLANG_WARN_EMPTY_BODY = YES;
				CLANG_WARN_ENUM_CONVERSION = YES;
				CLANG_WARN_INFINITE_RECURSION = YES;
				CLANG_WARN_INT_CONVERSION = YES;
				CLANG_WARN_NON_LITERAL_NULL_CONVERSION = YES;
				CLANG_WARN_OBJC_IMPLICIT_RETAIN_SELF = YES;
				CLANG_WARN_OBJC_LITERAL_CONVERSION = YES;
				CLANG_WARN_OBJC_ROOT_CLASS = YES_ERROR;
				CLANG_WARN_RANGE_LOOP_ANALYSIS = YES;
				CLANG_WARN_STRICT_MultipleTargetMPaasProjectS = YES;
				CLANG_WARN_SUSPICIOUS_MOVE = YES;
				CLANG_WARN_UNGUARDED_AVAILABILITY = YES_AGGRESSIVE;
				CLANG_WARN_UNREACHABLE_CODE = YES;
				CLANG_WARN__DUPLICATE_METHOD_MATCH = YES;
				CODE_SIGN_IDENTITY = "iPhone Developer";
				COPY_PHASE_STRIP = NO;
				DEBUG_INFORMATION_FORMAT = "dwarf-with-dsym";
				ENABLE_NS_ASSERTIONS = NO;
				ENABLE_STRICT_OBJC_MSGSEND = YES;
				GCC_C_LANGUAGE_STANDARD = gnu11;
				GCC_NO_COMMON_BLOCKS = YES;
				GCC_WARN_64_TO_32_BIT_CONVERSION = YES;
				GCC_WARN_ABOUT_RETURN_TYPE = YES_ERROR;
				GCC_WARN_UNDECLARED_SELECTOR = YES;
				GCC_WARN_UNINITIALIZED_AUTOS = YES_AGGRESSIVE;
				GCC_WARN_UNUSED_FUNCTION = YES;
				GCC_WARN_UNUSED_VARIABLE = YES;
				IPHONEOS_DEPLOYMENT_TARGET = 8.0;
				MTL_ENABLE_DEBUG_INFO = NO;
				MTL_FAST_MATH = YES;
				SDKROOT = iphoneos;
				VALIDATE_PRODUCT = YES;
			};
			name = Release;
		};
		E43E7C7D21D1077E00D9E31A /* Debug */ = {
			isa = XCBuildConfiguration;
			baseConfigurationReference = 51AB2DA7FD2F8790E172710D /* Pods-MultipleTargetMPaasProject.debug.xcconfig */;
			buildSettings = {
				ASSETCATALOG_COMPILER_APPICON_NAME = AppIcon;
				CODE_SIGN_ENTITLEMENTS = MultipleTargetMPaasProject/MultipleTargetMPaasProject.entitlements;
				CODE_SIGN_IDENTITY = "iPhone Developer";
				CODE_SIGN_STYLE = Manual;
				DEVELOPMENT_TEAM = 4PC35VMZBF;
				ENABLE_BITCODE = NO;
				FRAMEWORK_SEARCH_PATHS = (
					"$(inherited)",
					"/Users/Shared/.mpaaskit_sdk/repo/frameworks/APLog/3.0.2.200619152113/**",
					"/Users/Shared/.mpaaskit_sdk/repo/frameworks/APMobileFramework/1.0.0.201019140541/**",
					"/Users/Shared/.mpaaskit_sdk/repo/frameworks/mPaas/1.0.0.201103172349/**",
					"/Users/Shared/.mpaaskit_sdk/repo/frameworks/APRemoteLogging/1.0.0.201104102245/**",
					"/Users/Shared/.mpaaskit_sdk/repo/frameworks/UTDID/1.0.2.190226130141/**",
					"/Users/Shared/.mpaaskit_sdk/repo/frameworks/APProtocolBuffers/1.0.1.200228175209/**",
				);
				GCC_PRECOMPILE_PREFIX_HEADER = YES;
				GCC_PREFIX_HEADER = "MultipleTargetMPaasProject/MultipleTargetMPaasProject-Prefix.pch";
				GCC_PREPROCESSOR_DEFINITIONS = (
					"$(inherited)",
					"COCOAPODS=1",
					"ProjEnvState=0",
				);
				INFOPLIST_FILE = "$(SRCROOT)/MultipleTargetMPaasProject/MultipleTargetMPaasProjectInfo.plist";
				LD_RUNPATH_SEARCH_PATHS = "$(inherited) @executable_path/Frameworks";
				OTHER_LDFLAGS = (
					"$(inherited)",
					"-ObjC",
					"-lz",
					"-lsqlite3",
					"-lxml2",
					"-lc++",
					"-lbz2",
				);
				PRODUCT_BUNDLE_IDENTIFIER = com.gdrcu.mebank4test;
				PRODUCT_NAME = "$(TARGET_NAME)";
				PROVISIONING_PROFILE_SPECIFIER = mebank4testDevelopment;
				TARGETED_DEVICE_FAMILY = 1;
				WARNING_CFLAGS = "-Wno-objc-protocol-method-implementation";
			};
			name = Debug;
		};
		E43E7C7E21D1077E00D9E31A /* Release */ = {
			isa = XCBuildConfiguration;
			baseConfigurationReference = 18394317FB101A425D9EB8C4 /* Pods-MultipleTargetMPaasProject.release.xcconfig */;
			buildSettings = {
				ASSETCATALOG_COMPILER_APPICON_NAME = AppIcon;
				CODE_SIGN_ENTITLEMENTS = MultipleTargetMPaasProject/MultipleTargetMPaasProject.entitlements;
				CODE_SIGN_IDENTITY = "iPhone Distribution";
				CODE_SIGN_STYLE = Manual;
				DEVELOPMENT_TEAM = 4PC35VMZBF;
				ENABLE_BITCODE = NO;
				FRAMEWORK_SEARCH_PATHS = (
					"$(inherited)",
					"/Users/Shared/.mpaaskit_sdk/repo/frameworks/APLog/3.0.2.200619152113/**",
					"/Users/Shared/.mpaaskit_sdk/repo/frameworks/APMobileFramework/1.0.0.201019140541/**",
					"/Users/Shared/.mpaaskit_sdk/repo/frameworks/mPaas/1.0.0.201103172349/**",
					"/Users/Shared/.mpaaskit_sdk/repo/frameworks/APRemoteLogging/1.0.0.201104102245/**",
					"/Users/Shared/.mpaaskit_sdk/repo/frameworks/UTDID/1.0.2.190226130141/**",
					"/Users/Shared/.mpaaskit_sdk/repo/frameworks/APProtocolBuffers/1.0.1.200228175209/**",
				);
				GCC_PRECOMPILE_PREFIX_HEADER = YES;
				GCC_PREFIX_HEADER = "MultipleTargetMPaasProject/MultipleTargetMPaasProject-Prefix.pch";
				GCC_PREPROCESSOR_DEFINITIONS = (
					"$(inherited)",
					"COCOAPODS=1",
					"ProjEnvState=0",
				);
				INFOPLIST_FILE = "$(SRCROOT)/MultipleTargetMPaasProject/MultipleTargetMPaasProjectInfo.plist";
				LD_RUNPATH_SEARCH_PATHS = "$(inherited) @executable_path/Frameworks";
				OTHER_LDFLAGS = (
					"$(inherited)",
					"-ObjC",
					"-lz",
					"-lsqlite3",
					"-lxml2",
					"-lc++",
					"-lbz2",
				);
				PRODUCT_BUNDLE_IDENTIFIER = com.gdrcu.mebank4test;
				PRODUCT_NAME = "$(TARGET_NAME)";
				PROVISIONING_PROFILE_SPECIFIER = mebank4testDistribution;
				TARGETED_DEVICE_FAMILY = 1;
				WARNING_CFLAGS = "-Wno-objc-protocol-method-implementation";
			};
			name = Release;
		};
/* End XCBuildConfiguration section */

/* Begin XCConfigurationList section */
		AE43C1CC25675878001FCB6A /* Build configuration list for PBXNativeTarget "MultipleTargetMPaasProjectSit" */ = {
			isa = XCConfigurationList;
			buildConfigurations = (
				AE43C1CD25675878001FCB6A /* Debug */,
				AE43C1CE25675878001FCB6A /* Release */,
			);
			defaultConfigurationIsVisible = 0;
			defaultConfigurationName = Release;
		};
		AE43C1EC25675885001FCB6A /* Build configuration list for PBXNativeTarget "MultipleTargetMPaasProjectUat" */ = {
			isa = XCConfigurationList;
			buildConfigurations = (
				AE43C1ED25675885001FCB6A /* Debug */,
				AE43C1EE25675885001FCB6A /* Release */,
			);
			defaultConfigurationIsVisible = 0;
			defaultConfigurationName = Release;
		};
		AE43C20D2567588E001FCB6A /* Build configuration list for PBXNativeTarget "MultipleTargetMPaasProjectPressure" */ = {
			isa = XCConfigurationList;
			buildConfigurations = (
				AE43C20E2567588E001FCB6A /* Debug */,
				AE43C20F2567588E001FCB6A /* Release */,
			);
			defaultConfigurationIsVisible = 0;
			defaultConfigurationName = Release;
		};
		AE43C22F256758C1001FCB6A /* Build configuration list for PBXNativeTarget "MultipleTargetMPaasProjectBrDemand" */ = {
			isa = XCConfigurationList;
			buildConfigurations = (
				AE43C230256758C1001FCB6A /* Debug */,
				AE43C231256758C1001FCB6A /* Release */,
			);
			defaultConfigurationIsVisible = 0;
			defaultConfigurationName = Release;
		};
		E43E7C6121D1077E00D9E31A /* Build configuration list for PBXProject "MultipleTargetMPaasProject" */ = {
			isa = XCConfigurationList;
			buildConfigurations = (
				E43E7C7A21D1077E00D9E31A /* Debug */,
				E43E7C7B21D1077E00D9E31A /* Release */,
			);
			defaultConfigurationIsVisible = 0;
			defaultConfigurationName = Release;
		};
		E43E7C7C21D1077E00D9E31A /* Build configuration list for PBXNativeTarget "MultipleTargetMPaasProject" */ = {
			isa = XCConfigurationList;
			buildConfigurations = (
				E43E7C7D21D1077E00D9E31A /* Debug */,
				E43E7C7E21D1077E00D9E31A /* Release */,
			);
			defaultConfigurationIsVisible = 0;
			defaultConfigurationName = Release;
		};
/* End XCConfigurationList section */
	};
	rootObject = E43E7C5E21D1077E00D9E31A /* Project object */;
}
